// !$*UTF8*$!
{
	archiveVersion = 1;
	classes = {
	};
	objectVersion = 46;
	objects = {

/* Begin PBXBuildFile section */
		6509D2CC1A5E290300F1BBA6 /* Main.storyboard in Resources */ = {isa = PBXBuildFile; fileRef = 6509D28F1A5E290300F1BBA6 /* Main.storyboard */; };
		6509D2CD1A5E290300F1BBA6 /* ChapterSelectionCollectionViewController.m in Sources */ = {isa = PBXBuildFile; fileRef = 6509D2911A5E290300F1BBA6 /* ChapterSelectionCollectionViewController.m */; };
		6509D2CE1A5E290300F1BBA6 /* GameViewController.m in Sources */ = {isa = PBXBuildFile; fileRef = 6509D2921A5E290300F1BBA6 /* GameViewController.m */; };
		6509D2CF1A5E290300F1BBA6 /* CustomNavigationController.m in Sources */ = {isa = PBXBuildFile; fileRef = 6509D2931A5E290300F1BBA6 /* CustomNavigationController.m */; };
		6509D2D01A5E290300F1BBA6 /* GameScene.m in Sources */ = {isa = PBXBuildFile; fileRef = 6509D2951A5E290300F1BBA6 /* GameScene.m */; };
		6509D2D11A5E290300F1BBA6 /* ButsuLiKi.m in Sources */ = {isa = PBXBuildFile; fileRef = 6509D2961A5E290300F1BBA6 /* ButsuLiKi.m */; };
		6509D2D21A5E290300F1BBA6 /* Obstacle.m in Sources */ = {isa = PBXBuildFile; fileRef = 6509D2981A5E290300F1BBA6 /* Obstacle.m */; };
		6509D2D31A5E290300F1BBA6 /* ChunkLoader.m in Sources */ = {isa = PBXBuildFile; fileRef = 6509D2991A5E290300F1BBA6 /* ChunkLoader.m */; };
		6509D2D41A5E290300F1BBA6 /* Player.m in Sources */ = {isa = PBXBuildFile; fileRef = 6509D29A1A5E290300F1BBA6 /* Player.m */; };
		6509D2D51A5E290300F1BBA6 /* Constants.m in Sources */ = {isa = PBXBuildFile; fileRef = 6509D29D1A5E290300F1BBA6 /* Constants.m */; };
		6509D2D61A5E290300F1BBA6 /* AppDelegate.m in Sources */ = {isa = PBXBuildFile; fileRef = 6509D2A01A5E290300F1BBA6 /* AppDelegate.m */; };
		6509D2D71A5E290300F1BBA6 /* LevelSelectionCollectionViewController.m in Sources */ = {isa = PBXBuildFile; fileRef = 6509D2A11A5E290300F1BBA6 /* LevelSelectionCollectionViewController.m */; };
		6509D2D81A5E290300F1BBA6 /* LevelCollectionViewCell.m in Sources */ = {isa = PBXBuildFile; fileRef = 6509D2A51A5E290300F1BBA6 /* LevelCollectionViewCell.m */; };
		6509D2D91A5E290300F1BBA6 /* ChapterCellParser.m in Sources */ = {isa = PBXBuildFile; fileRef = 6509D2A61A5E290300F1BBA6 /* ChapterCellParser.m */; };
		6509D2DA1A5E290300F1BBA6 /* LevelCellParser.m in Sources */ = {isa = PBXBuildFile; fileRef = 6509D2A71A5E290300F1BBA6 /* LevelCellParser.m */; };
		6509D2DB1A5E290300F1BBA6 /* ChapterCell.m in Sources */ = {isa = PBXBuildFile; fileRef = 6509D2AA1A5E290300F1BBA6 /* ChapterCell.m */; };
		6509D2DC1A5E290300F1BBA6 /* LevelCell.m in Sources */ = {isa = PBXBuildFile; fileRef = 6509D2AC1A5E290300F1BBA6 /* LevelCell.m */; };
		6509D2DD1A5E290300F1BBA6 /* LoadingScene.m in Sources */ = {isa = PBXBuildFile; fileRef = 6509D2AE1A5E290300F1BBA6 /* LoadingScene.m */; };
		6509D2E81A5E290300F1BBA6 /* ChapterCollectionViewCell.m in Sources */ = {isa = PBXBuildFile; fileRef = 6509D2C21A5E290300F1BBA6 /* ChapterCollectionViewCell.m */; };
		6509D2E91A5E290300F1BBA6 /* brush7.png in Resources */ = {isa = PBXBuildFile; fileRef = 6509D2C61A5E290300F1BBA6 /* brush7.png */; };
		6509D2EA1A5E290300F1BBA6 /* fatbrush.png in Resources */ = {isa = PBXBuildFile; fileRef = 6509D2C71A5E290300F1BBA6 /* fatbrush.png */; };
		6509D2EB1A5E290300F1BBA6 /* mediumbrush.png in Resources */ = {isa = PBXBuildFile; fileRef = 6509D2C81A5E290300F1BBA6 /* mediumbrush.png */; };
		6509D2EC1A5E290300F1BBA6 /* smallbrush.png in Resources */ = {isa = PBXBuildFile; fileRef = 6509D2C91A5E290300F1BBA6 /* smallbrush.png */; };
		6509D2ED1A5E290300F1BBA6 /* Line.m in Sources */ = {isa = PBXBuildFile; fileRef = 6509D2CA1A5E290300F1BBA6 /* Line.m */; };
		659B21D01A5E1C1300885C04 /* main.m in Sources */ = {isa = PBXBuildFile; fileRef = 659B21CF1A5E1C1300885C04 /* main.m */; };
		659B21E01A5E1C1300885C04 /* Images.xcassets in Resources */ = {isa = PBXBuildFile; fileRef = 659B21DF1A5E1C1300885C04 /* Images.xcassets */; };
		659B21EF1A5E1C1400885C04 /* machweoTests.m in Sources */ = {isa = PBXBuildFile; fileRef = 659B21EE1A5E1C1400885C04 /* machweoTests.m */; };
		782AE63B1A74B01E00FF4225 /* paradigmEight.xml in Resources */ = {isa = PBXBuildFile; fileRef = 782AE5A71A74B01E00FF4225 /* paradigmEight.xml */; };
		782AE63C1A74B01E00FF4225 /* paradigmEightPointFive.xml in Resources */ = {isa = PBXBuildFile; fileRef = 782AE5A81A74B01E00FF4225 /* paradigmEightPointFive.xml */; };
		782AE63D1A74B01E00FF4225 /* paradigmEightPointFour.xml in Resources */ = {isa = PBXBuildFile; fileRef = 782AE5A91A74B01E00FF4225 /* paradigmEightPointFour.xml */; };
		782AE63E1A74B01E00FF4225 /* paradigmEightPointSix.xml in Resources */ = {isa = PBXBuildFile; fileRef = 782AE5AA1A74B01E00FF4225 /* paradigmEightPointSix.xml */; };
		782AE63F1A74B01E00FF4225 /* paradigmEightPointThree.xml in Resources */ = {isa = PBXBuildFile; fileRef = 782AE5AB1A74B01E00FF4225 /* paradigmEightPointThree.xml */; };
		782AE6401A74B01E00FF4225 /* paradigmEightPointTwo.xml in Resources */ = {isa = PBXBuildFile; fileRef = 782AE5AC1A74B01E00FF4225 /* paradigmEightPointTwo.xml */; };
		782AE6411A74B01E00FF4225 /* paradigmNine.xml in Resources */ = {isa = PBXBuildFile; fileRef = 782AE5AD1A74B01E00FF4225 /* paradigmNine.xml */; };
		782AE6421A74B01E00FF4225 /* paradigmSeven.xml in Resources */ = {isa = PBXBuildFile; fileRef = 782AE5AE1A74B01E00FF4225 /* paradigmSeven.xml */; };
		782AE6431A74B01E00FF4225 /* testParallaxLevel1.xml in Resources */ = {isa = PBXBuildFile; fileRef = 782AE5AF1A74B01E00FF4225 /* testParallaxLevel1.xml */; };
		782AE6441A74B01E00FF4225 /* testParallaxLevel2.xml in Resources */ = {isa = PBXBuildFile; fileRef = 782AE5B01A74B01E00FF4225 /* testParallaxLevel2.xml */; };
		782AE6451A74B01E00FF4225 /* totemFrenzy.xml in Resources */ = {isa = PBXBuildFile; fileRef = 782AE5B11A74B01E00FF4225 /* totemFrenzy.xml */; };
		782AE6461A74B01E00FF4225 /* chapterCells.xml in Resources */ = {isa = PBXBuildFile; fileRef = 782AE5B31A74B01E00FF4225 /* chapterCells.xml */; };
		782AE6471A74B01E00FF4225 /* levelCells.xml in Resources */ = {isa = PBXBuildFile; fileRef = 782AE5B41A74B01E00FF4225 /* levelCells.xml */; };
		782AE6481A74B01E00FF4225 /* button.ai in Resources */ = {isa = PBXBuildFile; fileRef = 782AE5B71A74B01E00FF4225 /* button.ai */; };
		782AE6491A74B01E00FF4225 /* button.png in Resources */ = {isa = PBXBuildFile; fileRef = 782AE5B81A74B01E00FF4225 /* button.png */; };
		782AE64A1A74B01E00FF4225 /* cloud.ai in Resources */ = {isa = PBXBuildFile; fileRef = 782AE5BA1A74B01E00FF4225 /* cloud.ai */; };
		782AE64B1A74B01E00FF4225 /* cloud.png in Resources */ = {isa = PBXBuildFile; fileRef = 782AE5BB1A74B01E00FF4225 /* cloud.png */; };
		782AE64C1A74B01E00FF4225 /* cloud1.0.png in Resources */ = {isa = PBXBuildFile; fileRef = 782AE5BC1A74B01E00FF4225 /* cloud1.0.png */; };
		782AE64D1A74B01E00FF4225 /* cloud1.0_decoration.png in Resources */ = {isa = PBXBuildFile; fileRef = 782AE5BD1A74B01E00FF4225 /* cloud1.0_decoration.png */; };
		782AE64E1A74B01E00FF4225 /* cloud2.0.png in Resources */ = {isa = PBXBuildFile; fileRef = 782AE5BE1A74B01E00FF4225 /* cloud2.0.png */; };
		782AE64F1A74B01E00FF4225 /* cloud2.0_decoration.png in Resources */ = {isa = PBXBuildFile; fileRef = 782AE5BF1A74B01E00FF4225 /* cloud2.0_decoration.png */; };
		782AE6501A74B01E00FF4225 /* cloud2.ai in Resources */ = {isa = PBXBuildFile; fileRef = 782AE5C01A74B01E00FF4225 /* cloud2.ai */; };
		782AE6511A74B01E00FF4225 /* cloud2.png in Resources */ = {isa = PBXBuildFile; fileRef = 782AE5C11A74B01E00FF4225 /* cloud2.png */; };
		782AE6521A74B01E00FF4225 /* cloud2_decoration.png in Resources */ = {isa = PBXBuildFile; fileRef = 782AE5C21A74B01E00FF4225 /* cloud2_decoration.png */; };
		782AE6531A74B01E00FF4225 /* cloud2opaque.png in Resources */ = {isa = PBXBuildFile; fileRef = 782AE5C31A74B01E00FF4225 /* cloud2opaque.png */; };
		782AE6541A74B01E00FF4225 /* cloud2opaque_decoration.png in Resources */ = {isa = PBXBuildFile; fileRef = 782AE5C41A74B01E00FF4225 /* cloud2opaque_decoration.png */; };
		782AE6551A74B01E00FF4225 /* cloud3.0.png in Resources */ = {isa = PBXBuildFile; fileRef = 782AE5C51A74B01E00FF4225 /* cloud3.0.png */; };
		782AE6561A74B01E00FF4225 /* cloud3.0_decoration.png in Resources */ = {isa = PBXBuildFile; fileRef = 782AE5C61A74B01E00FF4225 /* cloud3.0_decoration.png */; };
		782AE6571A74B01E00FF4225 /* cloud3.ai in Resources */ = {isa = PBXBuildFile; fileRef = 782AE5C71A74B01E00FF4225 /* cloud3.ai */; };
		782AE6581A74B01E00FF4225 /* cloud3.png in Resources */ = {isa = PBXBuildFile; fileRef = 782AE5C81A74B01E00FF4225 /* cloud3.png */; };
		782AE6591A74B01E00FF4225 /* cloud3_decoration.png in Resources */ = {isa = PBXBuildFile; fileRef = 782AE5C91A74B01E00FF4225 /* cloud3_decoration.png */; };
		782AE65A1A74B01E00FF4225 /* cloud4.0.png in Resources */ = {isa = PBXBuildFile; fileRef = 782AE5CA1A74B01E00FF4225 /* cloud4.0.png */; };
		782AE65B1A74B01E00FF4225 /* cloud4.0_decoration.png in Resources */ = {isa = PBXBuildFile; fileRef = 782AE5CB1A74B01E00FF4225 /* cloud4.0_decoration.png */; };
		782AE65C1A74B01E00FF4225 /* cloud4.ai in Resources */ = {isa = PBXBuildFile; fileRef = 782AE5CC1A74B01E00FF4225 /* cloud4.ai */; };
		782AE65D1A74B01E00FF4225 /* cloud4.png in Resources */ = {isa = PBXBuildFile; fileRef = 782AE5CD1A74B01E00FF4225 /* cloud4.png */; };
		782AE65E1A74B01E00FF4225 /* cloud4_decoration.png in Resources */ = {isa = PBXBuildFile; fileRef = 782AE5CE1A74B01E00FF4225 /* cloud4_decoration.png */; };
		782AE65F1A74B01E00FF4225 /* cloud_decoration.png in Resources */ = {isa = PBXBuildFile; fileRef = 782AE5CF1A74B01E00FF4225 /* cloud_decoration.png */; };
		782AE6601A74B01E00FF4225 /* cloudopaque.png in Resources */ = {isa = PBXBuildFile; fileRef = 782AE5D01A74B01E00FF4225 /* cloudopaque.png */; };
		782AE6611A74B01E00FF4225 /* cloudopaque3.png in Resources */ = {isa = PBXBuildFile; fileRef = 782AE5D11A74B01E00FF4225 /* cloudopaque3.png */; };
		782AE6621A74B01E00FF4225 /* cloudopaque3_decoration.png in Resources */ = {isa = PBXBuildFile; fileRef = 782AE5D21A74B01E00FF4225 /* cloudopaque3_decoration.png */; };
		782AE6631A74B01E00FF4225 /* cloudopaque4.png in Resources */ = {isa = PBXBuildFile; fileRef = 782AE5D31A74B01E00FF4225 /* cloudopaque4.png */; };
		782AE6641A74B01E00FF4225 /* cloudopaque4_decoration.png in Resources */ = {isa = PBXBuildFile; fileRef = 782AE5D41A74B01E00FF4225 /* cloudopaque4_decoration.png */; };
		782AE6651A74B01E00FF4225 /* cloudopaque_decoration.png in Resources */ = {isa = PBXBuildFile; fileRef = 782AE5D51A74B01E00FF4225 /* cloudopaque_decoration.png */; };
		782AE6661A74B01E00FF4225 /* cloudred1.png in Resources */ = {isa = PBXBuildFile; fileRef = 782AE5D61A74B01E00FF4225 /* cloudred1.png */; };
		782AE6671A74B01E00FF4225 /* cloudred1_decoration.png in Resources */ = {isa = PBXBuildFile; fileRef = 782AE5D71A74B01E00FF4225 /* cloudred1_decoration.png */; };
		782AE6681A74B01E00FF4225 /* cloudred2.png in Resources */ = {isa = PBXBuildFile; fileRef = 782AE5D81A74B01E00FF4225 /* cloudred2.png */; };
		782AE6691A74B01E00FF4225 /* cloudred2_decoration.png in Resources */ = {isa = PBXBuildFile; fileRef = 782AE5D91A74B01E00FF4225 /* cloudred2_decoration.png */; };
		782AE66A1A74B01E00FF4225 /* cloudred3.png in Resources */ = {isa = PBXBuildFile; fileRef = 782AE5DA1A74B01E00FF4225 /* cloudred3.png */; };
		782AE66B1A74B01E00FF4225 /* cloudred3_decoration.png in Resources */ = {isa = PBXBuildFile; fileRef = 782AE5DB1A74B01E00FF4225 /* cloudred3_decoration.png */; };
		782AE66C1A74B01E00FF4225 /* cloudred4.png in Resources */ = {isa = PBXBuildFile; fileRef = 782AE5DC1A74B01E00FF4225 /* cloudred4.png */; };
		782AE66D1A74B01E00FF4225 /* cloudred4_decoration.png in Resources */ = {isa = PBXBuildFile; fileRef = 782AE5DD1A74B01E00FF4225 /* cloudred4_decoration.png */; };
		782AE66E1A74B01E00FF4225 /* blackgrass.ai in Resources */ = {isa = PBXBuildFile; fileRef = 782AE5DF1A74B01E00FF4225 /* blackgrass.ai */; };
		782AE66F1A74B01E00FF4225 /* blackgrass.gif in Resources */ = {isa = PBXBuildFile; fileRef = 782AE5E01A74B01E00FF4225 /* blackgrass.gif */; };
		782AE6701A74B01E00FF4225 /* blackgrass_decoration.png in Resources */ = {isa = PBXBuildFile; fileRef = 782AE5E11A74B01E00FF4225 /* blackgrass_decoration.png */; };
		782AE6711A74B01E00FF4225 /* grass.ai in Resources */ = {isa = PBXBuildFile; fileRef = 782AE5E21A74B01E00FF4225 /* grass.ai */; };
		782AE6721A74B01E00FF4225 /* grass.png in Resources */ = {isa = PBXBuildFile; fileRef = 782AE5E31A74B01E00FF4225 /* grass.png */; };
		782AE6731A74B01E00FF4225 /* purplegrass.ai in Resources */ = {isa = PBXBuildFile; fileRef = 782AE5E41A74B01E00FF4225 /* purplegrass.ai */; };
		782AE6741A74B01E00FF4225 /* purplegrass_decoration.png in Resources */ = {isa = PBXBuildFile; fileRef = 782AE5E51A74B01E00FF4225 /* purplegrass_decoration.png */; };
		782AE6751A74B01E00FF4225 /* redgrass.ai in Resources */ = {isa = PBXBuildFile; fileRef = 782AE5E61A74B01E00FF4225 /* redgrass.ai */; };
		782AE6761A74B01E00FF4225 /* redgrass_decoration.png in Resources */ = {isa = PBXBuildFile; fileRef = 782AE5E71A74B01E00FF4225 /* redgrass_decoration.png */; };
		782AE6771A74B01E00FF4225 /* mountain.ai in Resources */ = {isa = PBXBuildFile; fileRef = 782AE5E91A74B01E00FF4225 /* mountain.ai */; };
		782AE6781A74B01E00FF4225 /* mountain2.ai in Resources */ = {isa = PBXBuildFile; fileRef = 782AE5EA1A74B01E00FF4225 /* mountain2.ai */; };
		782AE6791A74B01E00FF4225 /* mountain2.png in Resources */ = {isa = PBXBuildFile; fileRef = 782AE5EB1A74B01E00FF4225 /* mountain2.png */; };
		782AE67A1A74B01E00FF4225 /* mountain2_decoration.png in Resources */ = {isa = PBXBuildFile; fileRef = 782AE5EC1A74B01E00FF4225 /* mountain2_decoration.png */; };
		782AE67B1A74B01E00FF4225 /* mountain3_decoration.ai in Resources */ = {isa = PBXBuildFile; fileRef = 782AE5ED1A74B01E00FF4225 /* mountain3_decoration.ai */; };
		782AE67C1A74B01E00FF4225 /* mountain3_decoration.png in Resources */ = {isa = PBXBuildFile; fileRef = 782AE5EE1A74B01E00FF4225 /* mountain3_decoration.png */; };
		782AE67D1A74B01E00FF4225 /* mountain_decoration.png in Resources */ = {isa = PBXBuildFile; fileRef = 782AE5EF1A74B01E00FF4225 /* mountain_decoration.png */; };
		782AE67E1A74B01E00FF4225 /* circlemask.ai in Resources */ = {isa = PBXBuildFile; fileRef = 782AE5F11A74B01E00FF4225 /* circlemask.ai */; };
		782AE67F1A74B01E00FF4225 /* circlemask_obstacle.png in Resources */ = {isa = PBXBuildFile; fileRef = 782AE5F21A74B01E00FF4225 /* circlemask_obstacle.png */; };
		782AE6801A74B01E00FF4225 /* hexagon.ai in Resources */ = {isa = PBXBuildFile; fileRef = 782AE5F31A74B01E00FF4225 /* hexagon.ai */; };
		782AE6811A74B01E00FF4225 /* hexagon_obstacle.png in Resources */ = {isa = PBXBuildFile; fileRef = 782AE5F41A74B01E00FF4225 /* hexagon_obstacle.png */; };
		782AE6821A74B01E00FF4225 /* obstacle1.ai in Resources */ = {isa = PBXBuildFile; fileRef = 782AE5F51A74B01E00FF4225 /* obstacle1.ai */; };
		782AE6831A74B01E00FF4225 /* obstacle1_obstacle.png in Resources */ = {isa = PBXBuildFile; fileRef = 782AE5F61A74B01E00FF4225 /* obstacle1_obstacle.png */; };
		782AE6841A74B01E00FF4225 /* obstacle2.ai in Resources */ = {isa = PBXBuildFile; fileRef = 782AE5F71A74B01E00FF4225 /* obstacle2.ai */; };
		782AE6851A74B01E00FF4225 /* obstacle2_obstacle.png in Resources */ = {isa = PBXBuildFile; fileRef = 782AE5F81A74B01E00FF4225 /* obstacle2_obstacle.png */; };
		782AE6861A74B01E00FF4225 /* obstacle3.ai in Resources */ = {isa = PBXBuildFile; fileRef = 782AE5F91A74B01E00FF4225 /* obstacle3.ai */; };
		782AE6871A74B01E00FF4225 /* obstacle3_obstacle.png in Resources */ = {isa = PBXBuildFile; fileRef = 782AE5FA1A74B01E00FF4225 /* obstacle3_obstacle.png */; };
		782AE6881A74B01E00FF4225 /* obstacle4.ai in Resources */ = {isa = PBXBuildFile; fileRef = 782AE5FB1A74B01E00FF4225 /* obstacle4.ai */; };
		782AE6891A74B01E00FF4225 /* obstacle4_obstacle.png in Resources */ = {isa = PBXBuildFile; fileRef = 782AE5FC1A74B01E00FF4225 /* obstacle4_obstacle.png */; };
		782AE68A1A74B01E00FF4225 /* rotate.ai in Resources */ = {isa = PBXBuildFile; fileRef = 782AE5FD1A74B01E00FF4225 /* rotate.ai */; };
		782AE68B1A74B01E00FF4225 /* rotate_obstacle.png in Resources */ = {isa = PBXBuildFile; fileRef = 782AE5FE1A74B01E00FF4225 /* rotate_obstacle.png */; };
		782AE68C1A74B01E00FF4225 /* square.ai in Resources */ = {isa = PBXBuildFile; fileRef = 782AE5FF1A74B01E00FF4225 /* square.ai */; };
		782AE68D1A74B01E00FF4225 /* square_obstacle.png in Resources */ = {isa = PBXBuildFile; fileRef = 782AE6001A74B01E00FF4225 /* square_obstacle.png */; };
		782AE68E1A74B01E00FF4225 /* totem.ai in Resources */ = {isa = PBXBuildFile; fileRef = 782AE6011A74B01E00FF4225 /* totem.ai */; };
		782AE68F1A74B01E00FF4225 /* totem2.ai in Resources */ = {isa = PBXBuildFile; fileRef = 782AE6021A74B01E00FF4225 /* totem2.ai */; };
		782AE6901A74B01E00FF4225 /* totem2_obstacle.png in Resources */ = {isa = PBXBuildFile; fileRef = 782AE6031A74B01E00FF4225 /* totem2_obstacle.png */; };
		782AE6911A74B01E00FF4225 /* totem_obstacle.png in Resources */ = {isa = PBXBuildFile; fileRef = 782AE6041A74B01E00FF4225 /* totem_obstacle.png */; };
		782AE6921A74B01E00FF4225 /* triangle.ai in Resources */ = {isa = PBXBuildFile; fileRef = 782AE6051A74B01E00FF4225 /* triangle.ai */; };
		782AE6931A74B01E00FF4225 /* triangle_obstacle.png in Resources */ = {isa = PBXBuildFile; fileRef = 782AE6061A74B01E00FF4225 /* triangle_obstacle.png */; };
		782AE6941A74B01E00FF4225 /* dawn2.ai in Resources */ = {isa = PBXBuildFile; fileRef = 782AE6081A74B01E00FF4225 /* dawn2.ai */; };
		782AE6951A74B01E00FF4225 /* dawn2_decoration.png in Resources */ = {isa = PBXBuildFile; fileRef = 782AE6091A74B01E00FF4225 /* dawn2_decoration.png */; };
		782AE6961A74B01E00FF4225 /* dawn4.ai in Resources */ = {isa = PBXBuildFile; fileRef = 782AE60A1A74B01E00FF4225 /* dawn4.ai */; };
		782AE6971A74B01E00FF4225 /* dawn4_decoration.png in Resources */ = {isa = PBXBuildFile; fileRef = 782AE60B1A74B01E00FF4225 /* dawn4_decoration.png */; };
		782AE6981A74B01E00FF4225 /* day2.ai in Resources */ = {isa = PBXBuildFile; fileRef = 782AE60C1A74B01E00FF4225 /* day2.ai */; };
		782AE6991A74B01E00FF4225 /* day2_decoration.png in Resources */ = {isa = PBXBuildFile; fileRef = 782AE60D1A74B01E00FF4225 /* day2_decoration.png */; };
		782AE69A1A74B01E00FF4225 /* day3.ai in Resources */ = {isa = PBXBuildFile; fileRef = 782AE60E1A74B01E00FF4225 /* day3.ai */; };
		782AE69B1A74B01E00FF4225 /* day3_decoration.png in Resources */ = {isa = PBXBuildFile; fileRef = 782AE60F1A74B01E00FF4225 /* day3_decoration.png */; };
		782AE69C1A74B01E00FF4225 /* day5.ai in Resources */ = {isa = PBXBuildFile; fileRef = 782AE6101A74B01E00FF4225 /* day5.ai */; };
		782AE69D1A74B01E00FF4225 /* day5_decoration.png in Resources */ = {isa = PBXBuildFile; fileRef = 782AE6111A74B01E00FF4225 /* day5_decoration.png */; };
		782AE69E1A74B01E00FF4225 /* day6.ai in Resources */ = {isa = PBXBuildFile; fileRef = 782AE6121A74B01E00FF4225 /* day6.ai */; };
		782AE69F1A74B01E00FF4225 /* day6_decoration.png in Resources */ = {isa = PBXBuildFile; fileRef = 782AE6131A74B01E00FF4225 /* day6_decoration.png */; };
		782AE6A01A74B01E00FF4225 /* dayog.ai in Resources */ = {isa = PBXBuildFile; fileRef = 782AE6141A74B01E00FF4225 /* dayog.ai */; };
		782AE6A11A74B01E00FF4225 /* dayog_decoration.png in Resources */ = {isa = PBXBuildFile; fileRef = 782AE6151A74B01E00FF4225 /* dayog_decoration.png */; };
		782AE6A21A74B01E00FF4225 /* dusk1.ai in Resources */ = {isa = PBXBuildFile; fileRef = 782AE6161A74B01E00FF4225 /* dusk1.ai */; };
		782AE6A31A74B01E00FF4225 /* dusk1_decoration.png in Resources */ = {isa = PBXBuildFile; fileRef = 782AE6171A74B01E00FF4225 /* dusk1_decoration.png */; };
		782AE6A41A74B01E00FF4225 /* dusk3.ai in Resources */ = {isa = PBXBuildFile; fileRef = 782AE6181A74B01E00FF4225 /* dusk3.ai */; };
		782AE6A51A74B01E00FF4225 /* dusk3_decoration.png in Resources */ = {isa = PBXBuildFile; fileRef = 782AE6191A74B01E00FF4225 /* dusk3_decoration.png */; };
		782AE6A61A74B01E00FF4225 /* moon.ai in Resources */ = {isa = PBXBuildFile; fileRef = 782AE61A1A74B01E00FF4225 /* moon.ai */; };
		782AE6A71A74B01E00FF4225 /* moon_decoration.png in Resources */ = {isa = PBXBuildFile; fileRef = 782AE61B1A74B01E00FF4225 /* moon_decoration.png */; };
		782AE6A81A74B01E00FF4225 /* night.ai in Resources */ = {isa = PBXBuildFile; fileRef = 782AE61C1A74B01E00FF4225 /* night.ai */; };
		782AE6A91A74B01E00FF4225 /* night_decoration.png in Resources */ = {isa = PBXBuildFile; fileRef = 782AE61D1A74B01E00FF4225 /* night_decoration.png */; };
		782AE6AA1A74B01E00FF4225 /* nightstars.ai in Resources */ = {isa = PBXBuildFile; fileRef = 782AE61E1A74B01E00FF4225 /* nightstars.ai */; };
		782AE6AB1A74B01E00FF4225 /* nightstars2.ai in Resources */ = {isa = PBXBuildFile; fileRef = 782AE61F1A74B01E00FF4225 /* nightstars2.ai */; };
		782AE6AC1A74B01E00FF4225 /* nightstars2_decoration.png in Resources */ = {isa = PBXBuildFile; fileRef = 782AE6201A74B01E00FF4225 /* nightstars2_decoration.png */; };
		782AE6AD1A74B01E00FF4225 /* nightstars_decoration.png in Resources */ = {isa = PBXBuildFile; fileRef = 782AE6211A74B01E00FF4225 /* nightstars_decoration.png */; };
		782AE6AE1A74B01E00FF4225 /* spikesun.ai in Resources */ = {isa = PBXBuildFile; fileRef = 782AE6221A74B01E00FF4225 /* spikesun.ai */; };
		782AE6AF1A74B01E00FF4225 /* spikesun_decoration.png in Resources */ = {isa = PBXBuildFile; fileRef = 782AE6231A74B01E00FF4225 /* spikesun_decoration.png */; };
		782AE6B01A74B01E00FF4225 /* spikesunyell.ai in Resources */ = {isa = PBXBuildFile; fileRef = 782AE6241A74B01E00FF4225 /* spikesunyell.ai */; };
		782AE6B11A74B01E00FF4225 /* spikesunyell_decoration.png in Resources */ = {isa = PBXBuildFile; fileRef = 782AE6251A74B01E00FF4225 /* spikesunyell_decoration.png */; };
		782AE6B21A74B01E00FF4225 /* sun_decoration.png in Resources */ = {isa = PBXBuildFile; fileRef = 782AE6261A74B01E00FF4225 /* sun_decoration.png */; };
		782AE6B31A74B01E00FF4225 /* chapterCellTestBackgroundImage.png in Resources */ = {isa = PBXBuildFile; fileRef = 782AE6281A74B01E00FF4225 /* chapterCellTestBackgroundImage.png */; };
		782AE6B41A74B01E00FF4225 /* levelCellTestBackgroundImage.png in Resources */ = {isa = PBXBuildFile; fileRef = 782AE6291A74B01E00FF4225 /* levelCellTestBackgroundImage.png */; };
		782AE6B51A74B01E00FF4225 /* redtree.ai in Resources */ = {isa = PBXBuildFile; fileRef = 782AE62B1A74B01E00FF4225 /* redtree.ai */; };
		782AE6B61A74B01E00FF4225 /* redtree2.ai in Resources */ = {isa = PBXBuildFile; fileRef = 782AE62C1A74B01E00FF4225 /* redtree2.ai */; };
		782AE6B71A74B01E00FF4225 /* redtree2_decoration.png in Resources */ = {isa = PBXBuildFile; fileRef = 782AE62D1A74B01E00FF4225 /* redtree2_decoration.png */; };
		782AE6B81A74B01E00FF4225 /* redtree3.ai in Resources */ = {isa = PBXBuildFile; fileRef = 782AE62E1A74B01E00FF4225 /* redtree3.ai */; };
		782AE6B91A74B01E00FF4225 /* redtree3_decoration.png in Resources */ = {isa = PBXBuildFile; fileRef = 782AE62F1A74B01E00FF4225 /* redtree3_decoration.png */; };
		782AE6BA1A74B01E00FF4225 /* redtree4.ai in Resources */ = {isa = PBXBuildFile; fileRef = 782AE6301A74B01E00FF4225 /* redtree4.ai */; };
		782AE6BB1A74B01E00FF4225 /* redtree4_decoration.png in Resources */ = {isa = PBXBuildFile; fileRef = 782AE6311A74B01E00FF4225 /* redtree4_decoration.png */; };
		782AE6BC1A74B01E00FF4225 /* redtree_decoration.png in Resources */ = {isa = PBXBuildFile; fileRef = 782AE6321A74B01E00FF4225 /* redtree_decoration.png */; };
		782AE6BD1A74B01E00FF4225 /* tree.ai in Resources */ = {isa = PBXBuildFile; fileRef = 782AE6331A74B01E00FF4225 /* tree.ai */; };
		782AE6BE1A74B01E00FF4225 /* tree2.ai in Resources */ = {isa = PBXBuildFile; fileRef = 782AE6341A74B01E00FF4225 /* tree2.ai */; };
		782AE6BF1A74B01E00FF4225 /* tree2_decoration.png in Resources */ = {isa = PBXBuildFile; fileRef = 782AE6351A74B01E00FF4225 /* tree2_decoration.png */; };
		782AE6C01A74B01E00FF4225 /* tree3.ai in Resources */ = {isa = PBXBuildFile; fileRef = 782AE6361A74B01E00FF4225 /* tree3.ai */; };
		782AE6C11A74B01E00FF4225 /* tree3_decoration.png in Resources */ = {isa = PBXBuildFile; fileRef = 782AE6371A74B01E00FF4225 /* tree3_decoration.png */; };
		782AE6C21A74B01E00FF4225 /* tree4.ai in Resources */ = {isa = PBXBuildFile; fileRef = 782AE6381A74B01E00FF4225 /* tree4.ai */; };
		782AE6C31A74B01E00FF4225 /* tree4_decoration.png in Resources */ = {isa = PBXBuildFile; fileRef = 782AE6391A74B01E00FF4225 /* tree4_decoration.png */; };
		782AE6C41A74B01E00FF4225 /* tree_decoration.png in Resources */ = {isa = PBXBuildFile; fileRef = 782AE63A1A74B01E00FF4225 /* tree_decoration.png */; };
		782AE6C61A74B63400FF4225 /* mistyNightOne.xml in Resources */ = {isa = PBXBuildFile; fileRef = 782AE6C51A74B63400FF4225 /* mistyNightOne.xml */; };
		78A3ECE21A6F44AF007FC498 /* ArchivableData.m in Sources */ = {isa = PBXBuildFile; fileRef = 78A3ECE11A6F44AF007FC498 /* ArchivableData.m */; };
		78A3ECE51A6F44EA007FC498 /* ArchivableChapter.m in Sources */ = {isa = PBXBuildFile; fileRef = 78A3ECE41A6F44EA007FC498 /* ArchivableChapter.m */; };
		78A3ECE81A6F44F9007FC498 /* ArchivableLevel.m in Sources */ = {isa = PBXBuildFile; fileRef = 78A3ECE71A6F44F9007FC498 /* ArchivableLevel.m */; };
/* End PBXBuildFile section */

/* Begin PBXContainerItemProxy section */
		659B21E91A5E1C1400885C04 /* PBXContainerItemProxy */ = {
			isa = PBXContainerItemProxy;
			containerPortal = 659B21C21A5E1C1300885C04 /* Project object */;
			proxyType = 1;
			remoteGlobalIDString = 659B21C91A5E1C1300885C04;
			remoteInfo = machweo;
		};
/* End PBXContainerItemProxy section */

/* Begin PBXFileReference section */
		6509D2901A5E290300F1BBA6 /* Base */ = {isa = PBXFileReference; lastKnownFileType = file.storyboard; name = Base; path = Base.lproj/Main.storyboard; sourceTree = "<group>"; };
		6509D2911A5E290300F1BBA6 /* ChapterSelectionCollectionViewController.m */ = {isa = PBXFileReference; fileEncoding = 4; lastKnownFileType = sourcecode.c.objc; path = ChapterSelectionCollectionViewController.m; sourceTree = "<group>"; };
		6509D2921A5E290300F1BBA6 /* GameViewController.m */ = {isa = PBXFileReference; fileEncoding = 4; lastKnownFileType = sourcecode.c.objc; path = GameViewController.m; sourceTree = "<group>"; };
		6509D2931A5E290300F1BBA6 /* CustomNavigationController.m */ = {isa = PBXFileReference; fileEncoding = 4; lastKnownFileType = sourcecode.c.objc; path = CustomNavigationController.m; sourceTree = "<group>"; };
		6509D2941A5E290300F1BBA6 /* CustomNavigationController.h */ = {isa = PBXFileReference; fileEncoding = 4; lastKnownFileType = sourcecode.c.h; path = CustomNavigationController.h; sourceTree = "<group>"; };
		6509D2951A5E290300F1BBA6 /* GameScene.m */ = {isa = PBXFileReference; fileEncoding = 4; lastKnownFileType = sourcecode.c.objc; path = GameScene.m; sourceTree = "<group>"; };
		6509D2961A5E290300F1BBA6 /* ButsuLiKi.m */ = {isa = PBXFileReference; fileEncoding = 4; lastKnownFileType = sourcecode.c.objc; path = ButsuLiKi.m; sourceTree = "<group>"; };
		6509D2971A5E290300F1BBA6 /* GameScene.h */ = {isa = PBXFileReference; fileEncoding = 4; lastKnownFileType = sourcecode.c.h; path = GameScene.h; sourceTree = "<group>"; };
		6509D2981A5E290300F1BBA6 /* Obstacle.m */ = {isa = PBXFileReference; fileEncoding = 4; lastKnownFileType = sourcecode.c.objc; path = Obstacle.m; sourceTree = "<group>"; };
		6509D2991A5E290300F1BBA6 /* ChunkLoader.m */ = {isa = PBXFileReference; fileEncoding = 4; lastKnownFileType = sourcecode.c.objc; path = ChunkLoader.m; sourceTree = "<group>"; };
		6509D29A1A5E290300F1BBA6 /* Player.m */ = {isa = PBXFileReference; fileEncoding = 4; lastKnownFileType = sourcecode.c.objc; path = Player.m; sourceTree = "<group>"; };
		6509D29B1A5E290300F1BBA6 /* ButsuLiKi.h */ = {isa = PBXFileReference; fileEncoding = 4; lastKnownFileType = sourcecode.c.h; path = ButsuLiKi.h; sourceTree = "<group>"; };
		6509D29C1A5E290300F1BBA6 /* Player.h */ = {isa = PBXFileReference; fileEncoding = 4; lastKnownFileType = sourcecode.c.h; path = Player.h; sourceTree = "<group>"; };
		6509D29D1A5E290300F1BBA6 /* Constants.m */ = {isa = PBXFileReference; fileEncoding = 4; lastKnownFileType = sourcecode.c.objc; path = Constants.m; sourceTree = "<group>"; };
		6509D29E1A5E290300F1BBA6 /* Constants.h */ = {isa = PBXFileReference; fileEncoding = 4; lastKnownFileType = sourcecode.c.h; path = Constants.h; sourceTree = "<group>"; };
		6509D29F1A5E290300F1BBA6 /* Obstacle.h */ = {isa = PBXFileReference; fileEncoding = 4; lastKnownFileType = sourcecode.c.h; path = Obstacle.h; sourceTree = "<group>"; };
		6509D2A01A5E290300F1BBA6 /* AppDelegate.m */ = {isa = PBXFileReference; fileEncoding = 4; lastKnownFileType = sourcecode.c.objc; path = AppDelegate.m; sourceTree = "<group>"; };
		6509D2A11A5E290300F1BBA6 /* LevelSelectionCollectionViewController.m */ = {isa = PBXFileReference; fileEncoding = 4; lastKnownFileType = sourcecode.c.objc; path = LevelSelectionCollectionViewController.m; sourceTree = "<group>"; };
		6509D2A21A5E290300F1BBA6 /* GameViewController.h */ = {isa = PBXFileReference; fileEncoding = 4; lastKnownFileType = sourcecode.c.h; path = GameViewController.h; sourceTree = "<group>"; };
		6509D2A31A5E290300F1BBA6 /* LevelSelectionCollectionViewController.h */ = {isa = PBXFileReference; fileEncoding = 4; lastKnownFileType = sourcecode.c.h; path = LevelSelectionCollectionViewController.h; sourceTree = "<group>"; };
		6509D2A41A5E290300F1BBA6 /* LevelCollectionViewCell.h */ = {isa = PBXFileReference; fileEncoding = 4; lastKnownFileType = sourcecode.c.h; path = LevelCollectionViewCell.h; sourceTree = "<group>"; };
		6509D2A51A5E290300F1BBA6 /* LevelCollectionViewCell.m */ = {isa = PBXFileReference; fileEncoding = 4; lastKnownFileType = sourcecode.c.objc; path = LevelCollectionViewCell.m; sourceTree = "<group>"; };
		6509D2A61A5E290300F1BBA6 /* ChapterCellParser.m */ = {isa = PBXFileReference; fileEncoding = 4; lastKnownFileType = sourcecode.c.objc; path = ChapterCellParser.m; sourceTree = "<group>"; };
		6509D2A71A5E290300F1BBA6 /* LevelCellParser.m */ = {isa = PBXFileReference; fileEncoding = 4; lastKnownFileType = sourcecode.c.objc; path = LevelCellParser.m; sourceTree = "<group>"; };
		6509D2A81A5E290300F1BBA6 /* ChapterCellParser.h */ = {isa = PBXFileReference; fileEncoding = 4; lastKnownFileType = sourcecode.c.h; path = ChapterCellParser.h; sourceTree = "<group>"; };
		6509D2A91A5E290300F1BBA6 /* LevelCellParser.h */ = {isa = PBXFileReference; fileEncoding = 4; lastKnownFileType = sourcecode.c.h; path = LevelCellParser.h; sourceTree = "<group>"; };
		6509D2AA1A5E290300F1BBA6 /* ChapterCell.m */ = {isa = PBXFileReference; fileEncoding = 4; lastKnownFileType = sourcecode.c.objc; path = ChapterCell.m; sourceTree = "<group>"; };
		6509D2AB1A5E290300F1BBA6 /* ChapterCell.h */ = {isa = PBXFileReference; fileEncoding = 4; lastKnownFileType = sourcecode.c.h; path = ChapterCell.h; sourceTree = "<group>"; };
		6509D2AC1A5E290300F1BBA6 /* LevelCell.m */ = {isa = PBXFileReference; fileEncoding = 4; lastKnownFileType = sourcecode.c.objc; path = LevelCell.m; sourceTree = "<group>"; };
		6509D2AD1A5E290300F1BBA6 /* LevelCell.h */ = {isa = PBXFileReference; fileEncoding = 4; lastKnownFileType = sourcecode.c.h; path = LevelCell.h; sourceTree = "<group>"; };
		6509D2AE1A5E290300F1BBA6 /* LoadingScene.m */ = {isa = PBXFileReference; fileEncoding = 4; lastKnownFileType = sourcecode.c.objc; path = LoadingScene.m; sourceTree = "<group>"; };
		6509D2AF1A5E290300F1BBA6 /* LoadingScene.h */ = {isa = PBXFileReference; fileEncoding = 4; lastKnownFileType = sourcecode.c.h; path = LoadingScene.h; sourceTree = "<group>"; };
		6509D2C01A5E290300F1BBA6 /* ChapterSelectionCollectionViewController.h */ = {isa = PBXFileReference; fileEncoding = 4; lastKnownFileType = sourcecode.c.h; path = ChapterSelectionCollectionViewController.h; sourceTree = "<group>"; };
		6509D2C11A5E290300F1BBA6 /* ChapterCollectionViewCell.h */ = {isa = PBXFileReference; fileEncoding = 4; lastKnownFileType = sourcecode.c.h; path = ChapterCollectionViewCell.h; sourceTree = "<group>"; };
		6509D2C21A5E290300F1BBA6 /* ChapterCollectionViewCell.m */ = {isa = PBXFileReference; fileEncoding = 4; lastKnownFileType = sourcecode.c.objc; path = ChapterCollectionViewCell.m; sourceTree = "<group>"; };
		6509D2C31A5E290300F1BBA6 /* ChunkLoader.h */ = {isa = PBXFileReference; fileEncoding = 4; lastKnownFileType = sourcecode.c.h; path = ChunkLoader.h; sourceTree = "<group>"; };
		6509D2C41A5E290300F1BBA6 /* Line.h */ = {isa = PBXFileReference; fileEncoding = 4; lastKnownFileType = sourcecode.c.h; path = Line.h; sourceTree = "<group>"; };
		6509D2C61A5E290300F1BBA6 /* brush7.png */ = {isa = PBXFileReference; lastKnownFileType = image.png; path = brush7.png; sourceTree = "<group>"; };
		6509D2C71A5E290300F1BBA6 /* fatbrush.png */ = {isa = PBXFileReference; lastKnownFileType = image.png; path = fatbrush.png; sourceTree = "<group>"; };
		6509D2C81A5E290300F1BBA6 /* mediumbrush.png */ = {isa = PBXFileReference; lastKnownFileType = image.png; path = mediumbrush.png; sourceTree = "<group>"; };
		6509D2C91A5E290300F1BBA6 /* smallbrush.png */ = {isa = PBXFileReference; lastKnownFileType = image.png; path = smallbrush.png; sourceTree = "<group>"; };
		6509D2CA1A5E290300F1BBA6 /* Line.m */ = {isa = PBXFileReference; fileEncoding = 4; lastKnownFileType = sourcecode.c.objc; path = Line.m; sourceTree = "<group>"; };
		6509D2CB1A5E290300F1BBA6 /* AppDelegate.h */ = {isa = PBXFileReference; fileEncoding = 4; lastKnownFileType = sourcecode.c.h; path = AppDelegate.h; sourceTree = "<group>"; };
		659B21CA1A5E1C1300885C04 /* machweo.app */ = {isa = PBXFileReference; explicitFileType = wrapper.application; includeInIndex = 0; path = machweo.app; sourceTree = BUILT_PRODUCTS_DIR; };
		659B21CE1A5E1C1300885C04 /* Info.plist */ = {isa = PBXFileReference; lastKnownFileType = text.plist.xml; path = Info.plist; sourceTree = "<group>"; };
		659B21CF1A5E1C1300885C04 /* main.m */ = {isa = PBXFileReference; lastKnownFileType = sourcecode.c.objc; path = main.m; sourceTree = "<group>"; };
		659B21DF1A5E1C1300885C04 /* Images.xcassets */ = {isa = PBXFileReference; lastKnownFileType = folder.assetcatalog; path = Images.xcassets; sourceTree = "<group>"; };
		659B21E81A5E1C1400885C04 /* machweoTests.xctest */ = {isa = PBXFileReference; explicitFileType = wrapper.cfbundle; includeInIndex = 0; path = machweoTests.xctest; sourceTree = BUILT_PRODUCTS_DIR; };
		659B21ED1A5E1C1400885C04 /* Info.plist */ = {isa = PBXFileReference; lastKnownFileType = text.plist.xml; path = Info.plist; sourceTree = "<group>"; };
		659B21EE1A5E1C1400885C04 /* machweoTests.m */ = {isa = PBXFileReference; lastKnownFileType = sourcecode.c.objc; path = machweoTests.m; sourceTree = "<group>"; };
		782AE5A71A74B01E00FF4225 /* paradigmEight.xml */ = {isa = PBXFileReference; fileEncoding = 4; lastKnownFileType = text.xml; path = paradigmEight.xml; sourceTree = "<group>"; };
		782AE5A81A74B01E00FF4225 /* paradigmEightPointFive.xml */ = {isa = PBXFileReference; fileEncoding = 4; lastKnownFileType = text.xml; path = paradigmEightPointFive.xml; sourceTree = "<group>"; };
		782AE5A91A74B01E00FF4225 /* paradigmEightPointFour.xml */ = {isa = PBXFileReference; fileEncoding = 4; lastKnownFileType = text.xml; path = paradigmEightPointFour.xml; sourceTree = "<group>"; };
		782AE5AA1A74B01E00FF4225 /* paradigmEightPointSix.xml */ = {isa = PBXFileReference; fileEncoding = 4; lastKnownFileType = text.xml; path = paradigmEightPointSix.xml; sourceTree = "<group>"; };
		782AE5AB1A74B01E00FF4225 /* paradigmEightPointThree.xml */ = {isa = PBXFileReference; fileEncoding = 4; lastKnownFileType = text.xml; path = paradigmEightPointThree.xml; sourceTree = "<group>"; };
		782AE5AC1A74B01E00FF4225 /* paradigmEightPointTwo.xml */ = {isa = PBXFileReference; fileEncoding = 4; lastKnownFileType = text.xml; path = paradigmEightPointTwo.xml; sourceTree = "<group>"; };
		782AE5AD1A74B01E00FF4225 /* paradigmNine.xml */ = {isa = PBXFileReference; fileEncoding = 4; lastKnownFileType = text.xml; path = paradigmNine.xml; sourceTree = "<group>"; };
		782AE5AE1A74B01E00FF4225 /* paradigmSeven.xml */ = {isa = PBXFileReference; fileEncoding = 4; lastKnownFileType = text.xml; path = paradigmSeven.xml; sourceTree = "<group>"; };
		782AE5AF1A74B01E00FF4225 /* testParallaxLevel1.xml */ = {isa = PBXFileReference; fileEncoding = 4; lastKnownFileType = text.xml; path = testParallaxLevel1.xml; sourceTree = "<group>"; };
		782AE5B01A74B01E00FF4225 /* testParallaxLevel2.xml */ = {isa = PBXFileReference; fileEncoding = 4; lastKnownFileType = text.xml; path = testParallaxLevel2.xml; sourceTree = "<group>"; };
		782AE5B11A74B01E00FF4225 /* totemFrenzy.xml */ = {isa = PBXFileReference; fileEncoding = 4; lastKnownFileType = text.xml; path = totemFrenzy.xml; sourceTree = "<group>"; };
		782AE5B31A74B01E00FF4225 /* chapterCells.xml */ = {isa = PBXFileReference; fileEncoding = 4; lastKnownFileType = text.xml; path = chapterCells.xml; sourceTree = "<group>"; };
		782AE5B41A74B01E00FF4225 /* levelCells.xml */ = {isa = PBXFileReference; fileEncoding = 4; lastKnownFileType = text.xml; path = levelCells.xml; sourceTree = "<group>"; };
		782AE5B71A74B01E00FF4225 /* button.ai */ = {isa = PBXFileReference; fileEncoding = 4; lastKnownFileType = text; path = button.ai; sourceTree = "<group>"; };
		782AE5B81A74B01E00FF4225 /* button.png */ = {isa = PBXFileReference; lastKnownFileType = image.png; path = button.png; sourceTree = "<group>"; };
		782AE5BA1A74B01E00FF4225 /* cloud.ai */ = {isa = PBXFileReference; fileEncoding = 4; lastKnownFileType = text; path = cloud.ai; sourceTree = "<group>"; };
		782AE5BB1A74B01E00FF4225 /* cloud.png */ = {isa = PBXFileReference; lastKnownFileType = image.png; path = cloud.png; sourceTree = "<group>"; };
		782AE5BC1A74B01E00FF4225 /* cloud1.0.png */ = {isa = PBXFileReference; lastKnownFileType = image.png; path = cloud1.0.png; sourceTree = "<group>"; };
		782AE5BD1A74B01E00FF4225 /* cloud1.0_decoration.png */ = {isa = PBXFileReference; lastKnownFileType = image.png; path = cloud1.0_decoration.png; sourceTree = "<group>"; };
		782AE5BE1A74B01E00FF4225 /* cloud2.0.png */ = {isa = PBXFileReference; lastKnownFileType = image.png; path = cloud2.0.png; sourceTree = "<group>"; };
		782AE5BF1A74B01E00FF4225 /* cloud2.0_decoration.png */ = {isa = PBXFileReference; lastKnownFileType = image.png; path = cloud2.0_decoration.png; sourceTree = "<group>"; };
		782AE5C01A74B01E00FF4225 /* cloud2.ai */ = {isa = PBXFileReference; fileEncoding = 4; lastKnownFileType = text; path = cloud2.ai; sourceTree = "<group>"; };
		782AE5C11A74B01E00FF4225 /* cloud2.png */ = {isa = PBXFileReference; lastKnownFileType = image.png; path = cloud2.png; sourceTree = "<group>"; };
		782AE5C21A74B01E00FF4225 /* cloud2_decoration.png */ = {isa = PBXFileReference; lastKnownFileType = image.png; path = cloud2_decoration.png; sourceTree = "<group>"; };
		782AE5C31A74B01E00FF4225 /* cloud2opaque.png */ = {isa = PBXFileReference; lastKnownFileType = image.png; path = cloud2opaque.png; sourceTree = "<group>"; };
		782AE5C41A74B01E00FF4225 /* cloud2opaque_decoration.png */ = {isa = PBXFileReference; lastKnownFileType = image.png; path = cloud2opaque_decoration.png; sourceTree = "<group>"; };
		782AE5C51A74B01E00FF4225 /* cloud3.0.png */ = {isa = PBXFileReference; lastKnownFileType = image.png; path = cloud3.0.png; sourceTree = "<group>"; };
		782AE5C61A74B01E00FF4225 /* cloud3.0_decoration.png */ = {isa = PBXFileReference; lastKnownFileType = image.png; path = cloud3.0_decoration.png; sourceTree = "<group>"; };
		782AE5C71A74B01E00FF4225 /* cloud3.ai */ = {isa = PBXFileReference; fileEncoding = 4; lastKnownFileType = text; path = cloud3.ai; sourceTree = "<group>"; };
		782AE5C81A74B01E00FF4225 /* cloud3.png */ = {isa = PBXFileReference; lastKnownFileType = image.png; path = cloud3.png; sourceTree = "<group>"; };
		782AE5C91A74B01E00FF4225 /* cloud3_decoration.png */ = {isa = PBXFileReference; lastKnownFileType = image.png; path = cloud3_decoration.png; sourceTree = "<group>"; };
		782AE5CA1A74B01E00FF4225 /* cloud4.0.png */ = {isa = PBXFileReference; lastKnownFileType = image.png; path = cloud4.0.png; sourceTree = "<group>"; };
		782AE5CB1A74B01E00FF4225 /* cloud4.0_decoration.png */ = {isa = PBXFileReference; lastKnownFileType = image.png; path = cloud4.0_decoration.png; sourceTree = "<group>"; };
		782AE5CC1A74B01E00FF4225 /* cloud4.ai */ = {isa = PBXFileReference; fileEncoding = 4; lastKnownFileType = text; path = cloud4.ai; sourceTree = "<group>"; };
		782AE5CD1A74B01E00FF4225 /* cloud4.png */ = {isa = PBXFileReference; lastKnownFileType = image.png; path = cloud4.png; sourceTree = "<group>"; };
		782AE5CE1A74B01E00FF4225 /* cloud4_decoration.png */ = {isa = PBXFileReference; lastKnownFileType = image.png; path = cloud4_decoration.png; sourceTree = "<group>"; };
		782AE5CF1A74B01E00FF4225 /* cloud_decoration.png */ = {isa = PBXFileReference; lastKnownFileType = image.png; path = cloud_decoration.png; sourceTree = "<group>"; };
		782AE5D01A74B01E00FF4225 /* cloudopaque.png */ = {isa = PBXFileReference; lastKnownFileType = image.png; path = cloudopaque.png; sourceTree = "<group>"; };
		782AE5D11A74B01E00FF4225 /* cloudopaque3.png */ = {isa = PBXFileReference; lastKnownFileType = image.png; path = cloudopaque3.png; sourceTree = "<group>"; };
		782AE5D21A74B01E00FF4225 /* cloudopaque3_decoration.png */ = {isa = PBXFileReference; lastKnownFileType = image.png; path = cloudopaque3_decoration.png; sourceTree = "<group>"; };
		782AE5D31A74B01E00FF4225 /* cloudopaque4.png */ = {isa = PBXFileReference; lastKnownFileType = image.png; path = cloudopaque4.png; sourceTree = "<group>"; };
		782AE5D41A74B01E00FF4225 /* cloudopaque4_decoration.png */ = {isa = PBXFileReference; lastKnownFileType = image.png; path = cloudopaque4_decoration.png; sourceTree = "<group>"; };
		782AE5D51A74B01E00FF4225 /* cloudopaque_decoration.png */ = {isa = PBXFileReference; lastKnownFileType = image.png; path = cloudopaque_decoration.png; sourceTree = "<group>"; };
		782AE5D61A74B01E00FF4225 /* cloudred1.png */ = {isa = PBXFileReference; lastKnownFileType = image.png; path = cloudred1.png; sourceTree = "<group>"; };
		782AE5D71A74B01E00FF4225 /* cloudred1_decoration.png */ = {isa = PBXFileReference; lastKnownFileType = image.png; path = cloudred1_decoration.png; sourceTree = "<group>"; };
		782AE5D81A74B01E00FF4225 /* cloudred2.png */ = {isa = PBXFileReference; lastKnownFileType = image.png; path = cloudred2.png; sourceTree = "<group>"; };
		782AE5D91A74B01E00FF4225 /* cloudred2_decoration.png */ = {isa = PBXFileReference; lastKnownFileType = image.png; path = cloudred2_decoration.png; sourceTree = "<group>"; };
		782AE5DA1A74B01E00FF4225 /* cloudred3.png */ = {isa = PBXFileReference; lastKnownFileType = image.png; path = cloudred3.png; sourceTree = "<group>"; };
		782AE5DB1A74B01E00FF4225 /* cloudred3_decoration.png */ = {isa = PBXFileReference; lastKnownFileType = image.png; path = cloudred3_decoration.png; sourceTree = "<group>"; };
		782AE5DC1A74B01E00FF4225 /* cloudred4.png */ = {isa = PBXFileReference; lastKnownFileType = image.png; path = cloudred4.png; sourceTree = "<group>"; };
		782AE5DD1A74B01E00FF4225 /* cloudred4_decoration.png */ = {isa = PBXFileReference; lastKnownFileType = image.png; path = cloudred4_decoration.png; sourceTree = "<group>"; };
		782AE5DF1A74B01E00FF4225 /* blackgrass.ai */ = {isa = PBXFileReference; fileEncoding = 4; lastKnownFileType = text; path = blackgrass.ai; sourceTree = "<group>"; };
		782AE5E01A74B01E00FF4225 /* blackgrass.gif */ = {isa = PBXFileReference; lastKnownFileType = image.gif; path = blackgrass.gif; sourceTree = "<group>"; };
		782AE5E11A74B01E00FF4225 /* blackgrass_decoration.png */ = {isa = PBXFileReference; lastKnownFileType = image.png; path = blackgrass_decoration.png; sourceTree = "<group>"; };
		782AE5E21A74B01E00FF4225 /* grass.ai */ = {isa = PBXFileReference; fileEncoding = 4; lastKnownFileType = text; path = grass.ai; sourceTree = "<group>"; };
		782AE5E31A74B01E00FF4225 /* grass.png */ = {isa = PBXFileReference; lastKnownFileType = image.png; path = grass.png; sourceTree = "<group>"; };
		782AE5E41A74B01E00FF4225 /* purplegrass.ai */ = {isa = PBXFileReference; fileEncoding = 4; lastKnownFileType = text; path = purplegrass.ai; sourceTree = "<group>"; };
		782AE5E51A74B01E00FF4225 /* purplegrass_decoration.png */ = {isa = PBXFileReference; lastKnownFileType = image.png; path = purplegrass_decoration.png; sourceTree = "<group>"; };
		782AE5E61A74B01E00FF4225 /* redgrass.ai */ = {isa = PBXFileReference; fileEncoding = 4; lastKnownFileType = text; path = redgrass.ai; sourceTree = "<group>"; };
		782AE5E71A74B01E00FF4225 /* redgrass_decoration.png */ = {isa = PBXFileReference; lastKnownFileType = image.png; path = redgrass_decoration.png; sourceTree = "<group>"; };
		782AE5E91A74B01E00FF4225 /* mountain.ai */ = {isa = PBXFileReference; fileEncoding = 4; lastKnownFileType = text; path = mountain.ai; sourceTree = "<group>"; };
		782AE5EA1A74B01E00FF4225 /* mountain2.ai */ = {isa = PBXFileReference; fileEncoding = 4; lastKnownFileType = text; path = mountain2.ai; sourceTree = "<group>"; };
		782AE5EB1A74B01E00FF4225 /* mountain2.png */ = {isa = PBXFileReference; lastKnownFileType = image.png; path = mountain2.png; sourceTree = "<group>"; };
		782AE5EC1A74B01E00FF4225 /* mountain2_decoration.png */ = {isa = PBXFileReference; lastKnownFileType = image.png; path = mountain2_decoration.png; sourceTree = "<group>"; };
		782AE5ED1A74B01E00FF4225 /* mountain3_decoration.ai */ = {isa = PBXFileReference; fileEncoding = 4; lastKnownFileType = text; path = mountain3_decoration.ai; sourceTree = "<group>"; };
		782AE5EE1A74B01E00FF4225 /* mountain3_decoration.png */ = {isa = PBXFileReference; lastKnownFileType = image.png; path = mountain3_decoration.png; sourceTree = "<group>"; };
		782AE5EF1A74B01E00FF4225 /* mountain_decoration.png */ = {isa = PBXFileReference; lastKnownFileType = image.png; path = mountain_decoration.png; sourceTree = "<group>"; };
		782AE5F11A74B01E00FF4225 /* circlemask.ai */ = {isa = PBXFileReference; fileEncoding = 4; lastKnownFileType = text; path = circlemask.ai; sourceTree = "<group>"; };
		782AE5F21A74B01E00FF4225 /* circlemask_obstacle.png */ = {isa = PBXFileReference; lastKnownFileType = image.png; path = circlemask_obstacle.png; sourceTree = "<group>"; };
		782AE5F31A74B01E00FF4225 /* hexagon.ai */ = {isa = PBXFileReference; fileEncoding = 4; lastKnownFileType = text; path = hexagon.ai; sourceTree = "<group>"; };
		782AE5F41A74B01E00FF4225 /* hexagon_obstacle.png */ = {isa = PBXFileReference; lastKnownFileType = image.png; path = hexagon_obstacle.png; sourceTree = "<group>"; };
		782AE5F51A74B01E00FF4225 /* obstacle1.ai */ = {isa = PBXFileReference; fileEncoding = 4; lastKnownFileType = text; path = obstacle1.ai; sourceTree = "<group>"; };
		782AE5F61A74B01E00FF4225 /* obstacle1_obstacle.png */ = {isa = PBXFileReference; lastKnownFileType = image.png; path = obstacle1_obstacle.png; sourceTree = "<group>"; };
		782AE5F71A74B01E00FF4225 /* obstacle2.ai */ = {isa = PBXFileReference; fileEncoding = 4; lastKnownFileType = text; path = obstacle2.ai; sourceTree = "<group>"; };
		782AE5F81A74B01E00FF4225 /* obstacle2_obstacle.png */ = {isa = PBXFileReference; lastKnownFileType = image.png; path = obstacle2_obstacle.png; sourceTree = "<group>"; };
		782AE5F91A74B01E00FF4225 /* obstacle3.ai */ = {isa = PBXFileReference; fileEncoding = 4; lastKnownFileType = text; path = obstacle3.ai; sourceTree = "<group>"; };
		782AE5FA1A74B01E00FF4225 /* obstacle3_obstacle.png */ = {isa = PBXFileReference; lastKnownFileType = image.png; path = obstacle3_obstacle.png; sourceTree = "<group>"; };
		782AE5FB1A74B01E00FF4225 /* obstacle4.ai */ = {isa = PBXFileReference; fileEncoding = 4; lastKnownFileType = text; path = obstacle4.ai; sourceTree = "<group>"; };
		782AE5FC1A74B01E00FF4225 /* obstacle4_obstacle.png */ = {isa = PBXFileReference; lastKnownFileType = image.png; path = obstacle4_obstacle.png; sourceTree = "<group>"; };
		782AE5FD1A74B01E00FF4225 /* rotate.ai */ = {isa = PBXFileReference; fileEncoding = 4; lastKnownFileType = text; path = rotate.ai; sourceTree = "<group>"; };
		782AE5FE1A74B01E00FF4225 /* rotate_obstacle.png */ = {isa = PBXFileReference; lastKnownFileType = image.png; path = rotate_obstacle.png; sourceTree = "<group>"; };
		782AE5FF1A74B01E00FF4225 /* square.ai */ = {isa = PBXFileReference; fileEncoding = 4; lastKnownFileType = text; path = square.ai; sourceTree = "<group>"; };
		782AE6001A74B01E00FF4225 /* square_obstacle.png */ = {isa = PBXFileReference; lastKnownFileType = image.png; path = square_obstacle.png; sourceTree = "<group>"; };
		782AE6011A74B01E00FF4225 /* totem.ai */ = {isa = PBXFileReference; fileEncoding = 4; lastKnownFileType = text; path = totem.ai; sourceTree = "<group>"; };
		782AE6021A74B01E00FF4225 /* totem2.ai */ = {isa = PBXFileReference; fileEncoding = 4; lastKnownFileType = text; path = totem2.ai; sourceTree = "<group>"; };
		782AE6031A74B01E00FF4225 /* totem2_obstacle.png */ = {isa = PBXFileReference; lastKnownFileType = image.png; path = totem2_obstacle.png; sourceTree = "<group>"; };
		782AE6041A74B01E00FF4225 /* totem_obstacle.png */ = {isa = PBXFileReference; lastKnownFileType = image.png; path = totem_obstacle.png; sourceTree = "<group>"; };
		782AE6051A74B01E00FF4225 /* triangle.ai */ = {isa = PBXFileReference; fileEncoding = 4; lastKnownFileType = text; path = triangle.ai; sourceTree = "<group>"; };
		782AE6061A74B01E00FF4225 /* triangle_obstacle.png */ = {isa = PBXFileReference; lastKnownFileType = image.png; path = triangle_obstacle.png; sourceTree = "<group>"; };
		782AE6081A74B01E00FF4225 /* dawn2.ai */ = {isa = PBXFileReference; fileEncoding = 4; lastKnownFileType = text; path = dawn2.ai; sourceTree = "<group>"; };
		782AE6091A74B01E00FF4225 /* dawn2_decoration.png */ = {isa = PBXFileReference; lastKnownFileType = image.png; path = dawn2_decoration.png; sourceTree = "<group>"; };
		782AE60A1A74B01E00FF4225 /* dawn4.ai */ = {isa = PBXFileReference; fileEncoding = 4; lastKnownFileType = text; path = dawn4.ai; sourceTree = "<group>"; };
		782AE60B1A74B01E00FF4225 /* dawn4_decoration.png */ = {isa = PBXFileReference; lastKnownFileType = image.png; path = dawn4_decoration.png; sourceTree = "<group>"; };
		782AE60C1A74B01E00FF4225 /* day2.ai */ = {isa = PBXFileReference; fileEncoding = 4; lastKnownFileType = text; path = day2.ai; sourceTree = "<group>"; };
		782AE60D1A74B01E00FF4225 /* day2_decoration.png */ = {isa = PBXFileReference; lastKnownFileType = image.png; path = day2_decoration.png; sourceTree = "<group>"; };
		782AE60E1A74B01E00FF4225 /* day3.ai */ = {isa = PBXFileReference; fileEncoding = 4; lastKnownFileType = text; path = day3.ai; sourceTree = "<group>"; };
		782AE60F1A74B01E00FF4225 /* day3_decoration.png */ = {isa = PBXFileReference; lastKnownFileType = image.png; path = day3_decoration.png; sourceTree = "<group>"; };
		782AE6101A74B01E00FF4225 /* day5.ai */ = {isa = PBXFileReference; fileEncoding = 4; lastKnownFileType = text; path = day5.ai; sourceTree = "<group>"; };
		782AE6111A74B01E00FF4225 /* day5_decoration.png */ = {isa = PBXFileReference; lastKnownFileType = image.png; path = day5_decoration.png; sourceTree = "<group>"; };
		782AE6121A74B01E00FF4225 /* day6.ai */ = {isa = PBXFileReference; fileEncoding = 4; lastKnownFileType = text; path = day6.ai; sourceTree = "<group>"; };
		782AE6131A74B01E00FF4225 /* day6_decoration.png */ = {isa = PBXFileReference; lastKnownFileType = image.png; path = day6_decoration.png; sourceTree = "<group>"; };
		782AE6141A74B01E00FF4225 /* dayog.ai */ = {isa = PBXFileReference; fileEncoding = 4; lastKnownFileType = text; path = dayog.ai; sourceTree = "<group>"; };
		782AE6151A74B01E00FF4225 /* dayog_decoration.png */ = {isa = PBXFileReference; lastKnownFileType = image.png; path = dayog_decoration.png; sourceTree = "<group>"; };
		782AE6161A74B01E00FF4225 /* dusk1.ai */ = {isa = PBXFileReference; fileEncoding = 4; lastKnownFileType = text; path = dusk1.ai; sourceTree = "<group>"; };
		782AE6171A74B01E00FF4225 /* dusk1_decoration.png */ = {isa = PBXFileReference; lastKnownFileType = image.png; path = dusk1_decoration.png; sourceTree = "<group>"; };
		782AE6181A74B01E00FF4225 /* dusk3.ai */ = {isa = PBXFileReference; fileEncoding = 4; lastKnownFileType = text; path = dusk3.ai; sourceTree = "<group>"; };
		782AE6191A74B01E00FF4225 /* dusk3_decoration.png */ = {isa = PBXFileReference; lastKnownFileType = image.png; path = dusk3_decoration.png; sourceTree = "<group>"; };
		782AE61A1A74B01E00FF4225 /* moon.ai */ = {isa = PBXFileReference; fileEncoding = 4; lastKnownFileType = text; path = moon.ai; sourceTree = "<group>"; };
		782AE61B1A74B01E00FF4225 /* moon_decoration.png */ = {isa = PBXFileReference; lastKnownFileType = image.png; path = moon_decoration.png; sourceTree = "<group>"; };
		782AE61C1A74B01E00FF4225 /* night.ai */ = {isa = PBXFileReference; fileEncoding = 4; lastKnownFileType = text; path = night.ai; sourceTree = "<group>"; };
		782AE61D1A74B01E00FF4225 /* night_decoration.png */ = {isa = PBXFileReference; lastKnownFileType = image.png; path = night_decoration.png; sourceTree = "<group>"; };
		782AE61E1A74B01E00FF4225 /* nightstars.ai */ = {isa = PBXFileReference; fileEncoding = 4; lastKnownFileType = text; path = nightstars.ai; sourceTree = "<group>"; };
		782AE61F1A74B01E00FF4225 /* nightstars2.ai */ = {isa = PBXFileReference; fileEncoding = 4; lastKnownFileType = text; path = nightstars2.ai; sourceTree = "<group>"; };
		782AE6201A74B01E00FF4225 /* nightstars2_decoration.png */ = {isa = PBXFileReference; lastKnownFileType = image.png; path = nightstars2_decoration.png; sourceTree = "<group>"; };
		782AE6211A74B01E00FF4225 /* nightstars_decoration.png */ = {isa = PBXFileReference; lastKnownFileType = image.png; path = nightstars_decoration.png; sourceTree = "<group>"; };
		782AE6221A74B01E00FF4225 /* spikesun.ai */ = {isa = PBXFileReference; fileEncoding = 4; lastKnownFileType = text; path = spikesun.ai; sourceTree = "<group>"; };
		782AE6231A74B01E00FF4225 /* spikesun_decoration.png */ = {isa = PBXFileReference; lastKnownFileType = image.png; path = spikesun_decoration.png; sourceTree = "<group>"; };
		782AE6241A74B01E00FF4225 /* spikesunyell.ai */ = {isa = PBXFileReference; fileEncoding = 4; lastKnownFileType = text; path = spikesunyell.ai; sourceTree = "<group>"; };
		782AE6251A74B01E00FF4225 /* spikesunyell_decoration.png */ = {isa = PBXFileReference; lastKnownFileType = image.png; path = spikesunyell_decoration.png; sourceTree = "<group>"; };
		782AE6261A74B01E00FF4225 /* sun_decoration.png */ = {isa = PBXFileReference; lastKnownFileType = image.png; path = sun_decoration.png; sourceTree = "<group>"; };
		782AE6281A74B01E00FF4225 /* chapterCellTestBackgroundImage.png */ = {isa = PBXFileReference; lastKnownFileType = image.png; path = chapterCellTestBackgroundImage.png; sourceTree = "<group>"; };
		782AE6291A74B01E00FF4225 /* levelCellTestBackgroundImage.png */ = {isa = PBXFileReference; lastKnownFileType = image.png; path = levelCellTestBackgroundImage.png; sourceTree = "<group>"; };
		782AE62B1A74B01E00FF4225 /* redtree.ai */ = {isa = PBXFileReference; fileEncoding = 4; lastKnownFileType = text; path = redtree.ai; sourceTree = "<group>"; };
		782AE62C1A74B01E00FF4225 /* redtree2.ai */ = {isa = PBXFileReference; fileEncoding = 4; lastKnownFileType = text; path = redtree2.ai; sourceTree = "<group>"; };
		782AE62D1A74B01E00FF4225 /* redtree2_decoration.png */ = {isa = PBXFileReference; lastKnownFileType = image.png; path = redtree2_decoration.png; sourceTree = "<group>"; };
		782AE62E1A74B01E00FF4225 /* redtree3.ai */ = {isa = PBXFileReference; fileEncoding = 4; lastKnownFileType = text; path = redtree3.ai; sourceTree = "<group>"; };
		782AE62F1A74B01E00FF4225 /* redtree3_decoration.png */ = {isa = PBXFileReference; lastKnownFileType = image.png; path = redtree3_decoration.png; sourceTree = "<group>"; };
		782AE6301A74B01E00FF4225 /* redtree4.ai */ = {isa = PBXFileReference; fileEncoding = 4; lastKnownFileType = text; path = redtree4.ai; sourceTree = "<group>"; };
		782AE6311A74B01E00FF4225 /* redtree4_decoration.png */ = {isa = PBXFileReference; lastKnownFileType = image.png; path = redtree4_decoration.png; sourceTree = "<group>"; };
		782AE6321A74B01E00FF4225 /* redtree_decoration.png */ = {isa = PBXFileReference; lastKnownFileType = image.png; path = redtree_decoration.png; sourceTree = "<group>"; };
		782AE6331A74B01E00FF4225 /* tree.ai */ = {isa = PBXFileReference; fileEncoding = 4; lastKnownFileType = text; path = tree.ai; sourceTree = "<group>"; };
		782AE6341A74B01E00FF4225 /* tree2.ai */ = {isa = PBXFileReference; fileEncoding = 4; lastKnownFileType = text; path = tree2.ai; sourceTree = "<group>"; };
		782AE6351A74B01E00FF4225 /* tree2_decoration.png */ = {isa = PBXFileReference; lastKnownFileType = image.png; path = tree2_decoration.png; sourceTree = "<group>"; };
		782AE6361A74B01E00FF4225 /* tree3.ai */ = {isa = PBXFileReference; fileEncoding = 4; lastKnownFileType = text; path = tree3.ai; sourceTree = "<group>"; };
		782AE6371A74B01E00FF4225 /* tree3_decoration.png */ = {isa = PBXFileReference; lastKnownFileType = image.png; path = tree3_decoration.png; sourceTree = "<group>"; };
		782AE6381A74B01E00FF4225 /* tree4.ai */ = {isa = PBXFileReference; fileEncoding = 4; lastKnownFileType = text; path = tree4.ai; sourceTree = "<group>"; };
		782AE6391A74B01E00FF4225 /* tree4_decoration.png */ = {isa = PBXFileReference; lastKnownFileType = image.png; path = tree4_decoration.png; sourceTree = "<group>"; };
		782AE63A1A74B01E00FF4225 /* tree_decoration.png */ = {isa = PBXFileReference; lastKnownFileType = image.png; path = tree_decoration.png; sourceTree = "<group>"; };
		782AE6C51A74B63400FF4225 /* mistyNightOne.xml */ = {isa = PBXFileReference; fileEncoding = 4; lastKnownFileType = text.xml; path = mistyNightOne.xml; sourceTree = "<group>"; };
		78A3ECE01A6F44AF007FC498 /* ArchivableData.h */ = {isa = PBXFileReference; fileEncoding = 4; lastKnownFileType = sourcecode.c.h; path = ArchivableData.h; sourceTree = "<group>"; };
		78A3ECE11A6F44AF007FC498 /* ArchivableData.m */ = {isa = PBXFileReference; fileEncoding = 4; lastKnownFileType = sourcecode.c.objc; path = ArchivableData.m; sourceTree = "<group>"; };
		78A3ECE31A6F44EA007FC498 /* ArchivableChapter.h */ = {isa = PBXFileReference; fileEncoding = 4; lastKnownFileType = sourcecode.c.h; path = ArchivableChapter.h; sourceTree = "<group>"; };
		78A3ECE41A6F44EA007FC498 /* ArchivableChapter.m */ = {isa = PBXFileReference; fileEncoding = 4; lastKnownFileType = sourcecode.c.objc; path = ArchivableChapter.m; sourceTree = "<group>"; };
		78A3ECE61A6F44F9007FC498 /* ArchivableLevel.h */ = {isa = PBXFileReference; fileEncoding = 4; lastKnownFileType = sourcecode.c.h; path = ArchivableLevel.h; sourceTree = "<group>"; };
		78A3ECE71A6F44F9007FC498 /* ArchivableLevel.m */ = {isa = PBXFileReference; fileEncoding = 4; lastKnownFileType = sourcecode.c.objc; path = ArchivableLevel.m; sourceTree = "<group>"; };
/* End PBXFileReference section */

/* Begin PBXFrameworksBuildPhase section */
		659B21C71A5E1C1300885C04 /* Frameworks */ = {
			isa = PBXFrameworksBuildPhase;
			buildActionMask = 2147483647;
			files = (
			);
			runOnlyForDeploymentPostprocessing = 0;
		};
		659B21E51A5E1C1400885C04 /* Frameworks */ = {
			isa = PBXFrameworksBuildPhase;
			buildActionMask = 2147483647;
			files = (
			);
			runOnlyForDeploymentPostprocessing = 0;
		};
/* End PBXFrameworksBuildPhase section */

/* Begin PBXGroup section */
		6509D2C51A5E290300F1BBA6 /* brushes */ = {
			isa = PBXGroup;
			children = (
				6509D2C61A5E290300F1BBA6 /* brush7.png */,
				6509D2C71A5E290300F1BBA6 /* fatbrush.png */,
				6509D2C81A5E290300F1BBA6 /* mediumbrush.png */,
				6509D2C91A5E290300F1BBA6 /* smallbrush.png */,
			);
			path = brushes;
			sourceTree = "<group>";
		};
		659B21C11A5E1C1300885C04 = {
			isa = PBXGroup;
			children = (
				782AE5A51A74B01E00FF4225 /* formatted game assets (zack's folder) */,
				659B21CC1A5E1C1300885C04 /* machweo */,
				659B21EB1A5E1C1400885C04 /* machweoTests */,
				659B21CB1A5E1C1300885C04 /* Products */,
			);
			sourceTree = "<group>";
		};
		659B21CB1A5E1C1300885C04 /* Products */ = {
			isa = PBXGroup;
			children = (
				659B21CA1A5E1C1300885C04 /* machweo.app */,
				659B21E81A5E1C1400885C04 /* machweoTests.xctest */,
			);
			name = Products;
			sourceTree = "<group>";
		};
		659B21CC1A5E1C1300885C04 /* machweo */ = {
			isa = PBXGroup;
			children = (
				6509D28F1A5E290300F1BBA6 /* Main.storyboard */,
				78A3ECE91A6F4508007FC498 /* archivable game data */,
				78A3ECEA1A6F4597007FC498 /* view controllers */,
				78A3ECEB1A6F45B9007FC498 /* parsers */,
				78A3ECEE1A6F4644007FC498 /* gameplay */,
				78A3ECEC1A6F45F2007FC498 /* game objects */,
				78A3ECEF1A6F465C007FC498 /* scenes */,
				78A3ECED1A6F462A007FC498 /* view cells */,
				6509D2C51A5E290300F1BBA6 /* brushes */,
				659B21DF1A5E1C1300885C04 /* Images.xcassets */,
				6509D2CB1A5E290300F1BBA6 /* AppDelegate.h */,
				6509D2A01A5E290300F1BBA6 /* AppDelegate.m */,
				659B21CD1A5E1C1300885C04 /* Supporting Files */,
			);
			path = machweo;
			sourceTree = "<group>";
		};
		659B21CD1A5E1C1300885C04 /* Supporting Files */ = {
			isa = PBXGroup;
			children = (
				659B21CE1A5E1C1300885C04 /* Info.plist */,
				659B21CF1A5E1C1300885C04 /* main.m */,
			);
			name = "Supporting Files";
			sourceTree = "<group>";
		};
		659B21EB1A5E1C1400885C04 /* machweoTests */ = {
			isa = PBXGroup;
			children = (
				659B21EE1A5E1C1400885C04 /* machweoTests.m */,
				659B21EC1A5E1C1400885C04 /* Supporting Files */,
			);
			path = machweoTests;
			sourceTree = "<group>";
		};
		659B21EC1A5E1C1400885C04 /* Supporting Files */ = {
			isa = PBXGroup;
			children = (
				659B21ED1A5E1C1400885C04 /* Info.plist */,
			);
			name = "Supporting Files";
			sourceTree = "<group>";
		};
		782AE5A51A74B01E00FF4225 /* formatted game assets (zack's folder) */ = {
			isa = PBXGroup;
			children = (
				782AE5A61A74B01E00FF4225 /* level files */,
				782AE5B21A74B01E00FF4225 /* screen data */,
				782AE5B51A74B01E00FF4225 /* sprites */,
			);
			name = "formatted game assets (zack's folder)";
			path = "machweo/formatted game assets (zack's folder)";
			sourceTree = "<group>";
		};
		782AE5A61A74B01E00FF4225 /* level files */ = {
			isa = PBXGroup;
			children = (
				782AE5A71A74B01E00FF4225 /* paradigmEight.xml */,
				782AE5A81A74B01E00FF4225 /* paradigmEightPointFive.xml */,
				782AE5A91A74B01E00FF4225 /* paradigmEightPointFour.xml */,
				782AE6C51A74B63400FF4225 /* mistyNightOne.xml */,
				782AE5AA1A74B01E00FF4225 /* paradigmEightPointSix.xml */,
				782AE5AB1A74B01E00FF4225 /* paradigmEightPointThree.xml */,
				782AE5AC1A74B01E00FF4225 /* paradigmEightPointTwo.xml */,
				782AE5AD1A74B01E00FF4225 /* paradigmNine.xml */,
				782AE5AE1A74B01E00FF4225 /* paradigmSeven.xml */,
				782AE5AF1A74B01E00FF4225 /* testParallaxLevel1.xml */,
				782AE5B01A74B01E00FF4225 /* testParallaxLevel2.xml */,
				782AE5B11A74B01E00FF4225 /* totemFrenzy.xml */,
			);
			path = "level files";
			sourceTree = "<group>";
		};
		782AE5B21A74B01E00FF4225 /* screen data */ = {
			isa = PBXGroup;
			children = (
				782AE5B31A74B01E00FF4225 /* chapterCells.xml */,
				782AE5B41A74B01E00FF4225 /* levelCells.xml */,
			);
			path = "screen data";
			sourceTree = "<group>";
		};
		782AE5B51A74B01E00FF4225 /* sprites */ = {
			isa = PBXGroup;
			children = (
				782AE5B61A74B01E00FF4225 /* animated shit */,
				782AE5B91A74B01E00FF4225 /* clouds */,
				782AE5DE1A74B01E00FF4225 /* grass */,
				782AE5E81A74B01E00FF4225 /* mountains */,
				782AE5F01A74B01E00FF4225 /* obstacles */,
				782AE6071A74B01E00FF4225 /* skys */,
				782AE6271A74B01E00FF4225 /* test sprites */,
				782AE62A1A74B01E00FF4225 /* trees */,
			);
			path = sprites;
			sourceTree = "<group>";
		};
		782AE5B61A74B01E00FF4225 /* animated shit */ = {
			isa = PBXGroup;
			children = (
				782AE5B71A74B01E00FF4225 /* button.ai */,
				782AE5B81A74B01E00FF4225 /* button.png */,
			);
			path = "animated shit";
			sourceTree = "<group>";
		};
		782AE5B91A74B01E00FF4225 /* clouds */ = {
			isa = PBXGroup;
			children = (
				782AE5BA1A74B01E00FF4225 /* cloud.ai */,
				782AE5BB1A74B01E00FF4225 /* cloud.png */,
				782AE5BC1A74B01E00FF4225 /* cloud1.0.png */,
				782AE5BD1A74B01E00FF4225 /* cloud1.0_decoration.png */,
				782AE5BE1A74B01E00FF4225 /* cloud2.0.png */,
				782AE5BF1A74B01E00FF4225 /* cloud2.0_decoration.png */,
				782AE5C01A74B01E00FF4225 /* cloud2.ai */,
				782AE5C11A74B01E00FF4225 /* cloud2.png */,
				782AE5C21A74B01E00FF4225 /* cloud2_decoration.png */,
				782AE5C31A74B01E00FF4225 /* cloud2opaque.png */,
				782AE5C41A74B01E00FF4225 /* cloud2opaque_decoration.png */,
				782AE5C51A74B01E00FF4225 /* cloud3.0.png */,
				782AE5C61A74B01E00FF4225 /* cloud3.0_decoration.png */,
				782AE5C71A74B01E00FF4225 /* cloud3.ai */,
				782AE5C81A74B01E00FF4225 /* cloud3.png */,
				782AE5C91A74B01E00FF4225 /* cloud3_decoration.png */,
				782AE5CA1A74B01E00FF4225 /* cloud4.0.png */,
				782AE5CB1A74B01E00FF4225 /* cloud4.0_decoration.png */,
				782AE5CC1A74B01E00FF4225 /* cloud4.ai */,
				782AE5CD1A74B01E00FF4225 /* cloud4.png */,
				782AE5CE1A74B01E00FF4225 /* cloud4_decoration.png */,
				782AE5CF1A74B01E00FF4225 /* cloud_decoration.png */,
				782AE5D01A74B01E00FF4225 /* cloudopaque.png */,
				782AE5D11A74B01E00FF4225 /* cloudopaque3.png */,
				782AE5D21A74B01E00FF4225 /* cloudopaque3_decoration.png */,
				782AE5D31A74B01E00FF4225 /* cloudopaque4.png */,
				782AE5D41A74B01E00FF4225 /* cloudopaque4_decoration.png */,
				782AE5D51A74B01E00FF4225 /* cloudopaque_decoration.png */,
				782AE5D61A74B01E00FF4225 /* cloudred1.png */,
				782AE5D71A74B01E00FF4225 /* cloudred1_decoration.png */,
				782AE5D81A74B01E00FF4225 /* cloudred2.png */,
				782AE5D91A74B01E00FF4225 /* cloudred2_decoration.png */,
				782AE5DA1A74B01E00FF4225 /* cloudred3.png */,
				782AE5DB1A74B01E00FF4225 /* cloudred3_decoration.png */,
				782AE5DC1A74B01E00FF4225 /* cloudred4.png */,
				782AE5DD1A74B01E00FF4225 /* cloudred4_decoration.png */,
			);
			path = clouds;
			sourceTree = "<group>";
		};
		782AE5DE1A74B01E00FF4225 /* grass */ = {
			isa = PBXGroup;
			children = (
				782AE5DF1A74B01E00FF4225 /* blackgrass.ai */,
				782AE5E01A74B01E00FF4225 /* blackgrass.gif */,
				782AE5E11A74B01E00FF4225 /* blackgrass_decoration.png */,
				782AE5E21A74B01E00FF4225 /* grass.ai */,
				782AE5E31A74B01E00FF4225 /* grass.png */,
				782AE5E41A74B01E00FF4225 /* purplegrass.ai */,
				782AE5E51A74B01E00FF4225 /* purplegrass_decoration.png */,
				782AE5E61A74B01E00FF4225 /* redgrass.ai */,
				782AE5E71A74B01E00FF4225 /* redgrass_decoration.png */,
			);
			path = grass;
			sourceTree = "<group>";
		};
		782AE5E81A74B01E00FF4225 /* mountains */ = {
			isa = PBXGroup;
			children = (
				782AE5E91A74B01E00FF4225 /* mountain.ai */,
				782AE5EA1A74B01E00FF4225 /* mountain2.ai */,
				782AE5EB1A74B01E00FF4225 /* mountain2.png */,
				782AE5EC1A74B01E00FF4225 /* mountain2_decoration.png */,
				782AE5ED1A74B01E00FF4225 /* mountain3_decoration.ai */,
				782AE5EE1A74B01E00FF4225 /* mountain3_decoration.png */,
				782AE5EF1A74B01E00FF4225 /* mountain_decoration.png */,
			);
			path = mountains;
			sourceTree = "<group>";
		};
		782AE5F01A74B01E00FF4225 /* obstacles */ = {
			isa = PBXGroup;
			children = (
				782AE5F11A74B01E00FF4225 /* circlemask.ai */,
				782AE5F21A74B01E00FF4225 /* circlemask_obstacle.png */,
				782AE5F31A74B01E00FF4225 /* hexagon.ai */,
				782AE5F41A74B01E00FF4225 /* hexagon_obstacle.png */,
				782AE5F51A74B01E00FF4225 /* obstacle1.ai */,
				782AE5F61A74B01E00FF4225 /* obstacle1_obstacle.png */,
				782AE5F71A74B01E00FF4225 /* obstacle2.ai */,
				782AE5F81A74B01E00FF4225 /* obstacle2_obstacle.png */,
				782AE5F91A74B01E00FF4225 /* obstacle3.ai */,
				782AE5FA1A74B01E00FF4225 /* obstacle3_obstacle.png */,
				782AE5FB1A74B01E00FF4225 /* obstacle4.ai */,
				782AE5FC1A74B01E00FF4225 /* obstacle4_obstacle.png */,
				782AE5FD1A74B01E00FF4225 /* rotate.ai */,
				782AE5FE1A74B01E00FF4225 /* rotate_obstacle.png */,
				782AE5FF1A74B01E00FF4225 /* square.ai */,
				782AE6001A74B01E00FF4225 /* square_obstacle.png */,
				782AE6011A74B01E00FF4225 /* totem.ai */,
				782AE6021A74B01E00FF4225 /* totem2.ai */,
				782AE6031A74B01E00FF4225 /* totem2_obstacle.png */,
				782AE6041A74B01E00FF4225 /* totem_obstacle.png */,
				782AE6051A74B01E00FF4225 /* triangle.ai */,
				782AE6061A74B01E00FF4225 /* triangle_obstacle.png */,
			);
			path = obstacles;
			sourceTree = "<group>";
		};
		782AE6071A74B01E00FF4225 /* skys */ = {
			isa = PBXGroup;
			children = (
				782AE6081A74B01E00FF4225 /* dawn2.ai */,
				782AE6091A74B01E00FF4225 /* dawn2_decoration.png */,
				782AE60A1A74B01E00FF4225 /* dawn4.ai */,
				782AE60B1A74B01E00FF4225 /* dawn4_decoration.png */,
				782AE60C1A74B01E00FF4225 /* day2.ai */,
				782AE60D1A74B01E00FF4225 /* day2_decoration.png */,
				782AE60E1A74B01E00FF4225 /* day3.ai */,
				782AE60F1A74B01E00FF4225 /* day3_decoration.png */,
				782AE6101A74B01E00FF4225 /* day5.ai */,
				782AE6111A74B01E00FF4225 /* day5_decoration.png */,
				782AE6121A74B01E00FF4225 /* day6.ai */,
				782AE6131A74B01E00FF4225 /* day6_decoration.png */,
				782AE6141A74B01E00FF4225 /* dayog.ai */,
				782AE6151A74B01E00FF4225 /* dayog_decoration.png */,
				782AE6161A74B01E00FF4225 /* dusk1.ai */,
				782AE6171A74B01E00FF4225 /* dusk1_decoration.png */,
				782AE6181A74B01E00FF4225 /* dusk3.ai */,
				782AE6191A74B01E00FF4225 /* dusk3_decoration.png */,
				782AE61A1A74B01E00FF4225 /* moon.ai */,
				782AE61B1A74B01E00FF4225 /* moon_decoration.png */,
				782AE61C1A74B01E00FF4225 /* night.ai */,
				782AE61D1A74B01E00FF4225 /* night_decoration.png */,
				782AE61E1A74B01E00FF4225 /* nightstars.ai */,
				782AE61F1A74B01E00FF4225 /* nightstars2.ai */,
				782AE6201A74B01E00FF4225 /* nightstars2_decoration.png */,
				782AE6211A74B01E00FF4225 /* nightstars_decoration.png */,
				782AE6221A74B01E00FF4225 /* spikesun.ai */,
				782AE6231A74B01E00FF4225 /* spikesun_decoration.png */,
				782AE6241A74B01E00FF4225 /* spikesunyell.ai */,
				782AE6251A74B01E00FF4225 /* spikesunyell_decoration.png */,
				782AE6261A74B01E00FF4225 /* sun_decoration.png */,
			);
			path = skys;
			sourceTree = "<group>";
		};
		782AE6271A74B01E00FF4225 /* test sprites */ = {
			isa = PBXGroup;
			children = (
				782AE6281A74B01E00FF4225 /* chapterCellTestBackgroundImage.png */,
				782AE6291A74B01E00FF4225 /* levelCellTestBackgroundImage.png */,
			);
			path = "test sprites";
			sourceTree = "<group>";
		};
		782AE62A1A74B01E00FF4225 /* trees */ = {
			isa = PBXGroup;
			children = (
				782AE62B1A74B01E00FF4225 /* redtree.ai */,
				782AE62C1A74B01E00FF4225 /* redtree2.ai */,
				782AE62D1A74B01E00FF4225 /* redtree2_decoration.png */,
				782AE62E1A74B01E00FF4225 /* redtree3.ai */,
				782AE62F1A74B01E00FF4225 /* redtree3_decoration.png */,
				782AE6301A74B01E00FF4225 /* redtree4.ai */,
				782AE6311A74B01E00FF4225 /* redtree4_decoration.png */,
				782AE6321A74B01E00FF4225 /* redtree_decoration.png */,
				782AE6331A74B01E00FF4225 /* tree.ai */,
				782AE6341A74B01E00FF4225 /* tree2.ai */,
				782AE6351A74B01E00FF4225 /* tree2_decoration.png */,
				782AE6361A74B01E00FF4225 /* tree3.ai */,
				782AE6371A74B01E00FF4225 /* tree3_decoration.png */,
				782AE6381A74B01E00FF4225 /* tree4.ai */,
				782AE6391A74B01E00FF4225 /* tree4_decoration.png */,
				782AE63A1A74B01E00FF4225 /* tree_decoration.png */,
			);
			path = trees;
			sourceTree = "<group>";
		};
		78A3ECE91A6F4508007FC498 /* archivable game data */ = {
			isa = PBXGroup;
			children = (
				78A3ECE01A6F44AF007FC498 /* ArchivableData.h */,
				78A3ECE11A6F44AF007FC498 /* ArchivableData.m */,
				78A3ECE31A6F44EA007FC498 /* ArchivableChapter.h */,
				78A3ECE41A6F44EA007FC498 /* ArchivableChapter.m */,
				78A3ECE61A6F44F9007FC498 /* ArchivableLevel.h */,
				78A3ECE71A6F44F9007FC498 /* ArchivableLevel.m */,
			);
			name = "archivable game data";
			sourceTree = "<group>";
		};
		78A3ECEA1A6F4597007FC498 /* view controllers */ = {
			isa = PBXGroup;
			children = (
				6509D2941A5E290300F1BBA6 /* CustomNavigationController.h */,
				6509D2931A5E290300F1BBA6 /* CustomNavigationController.m */,
				6509D2C01A5E290300F1BBA6 /* ChapterSelectionCollectionViewController.h */,
				6509D2911A5E290300F1BBA6 /* ChapterSelectionCollectionViewController.m */,
				6509D2A31A5E290300F1BBA6 /* LevelSelectionCollectionViewController.h */,
				6509D2A11A5E290300F1BBA6 /* LevelSelectionCollectionViewController.m */,
				6509D2A21A5E290300F1BBA6 /* GameViewController.h */,
				6509D2921A5E290300F1BBA6 /* GameViewController.m */,
			);
			name = "view controllers";
			sourceTree = "<group>";
		};
		78A3ECEB1A6F45B9007FC498 /* parsers */ = {
			isa = PBXGroup;
			children = (
				6509D2AA1A5E290300F1BBA6 /* ChapterCell.m */,
				6509D2AB1A5E290300F1BBA6 /* ChapterCell.h */,
				6509D2AC1A5E290300F1BBA6 /* LevelCell.m */,
				6509D2AD1A5E290300F1BBA6 /* LevelCell.h */,
				6509D2A81A5E290300F1BBA6 /* ChapterCellParser.h */,
				6509D2A61A5E290300F1BBA6 /* ChapterCellParser.m */,
				6509D2A91A5E290300F1BBA6 /* LevelCellParser.h */,
				6509D2A71A5E290300F1BBA6 /* LevelCellParser.m */,
			);
			name = parsers;
			sourceTree = "<group>";
		};
		78A3ECEC1A6F45F2007FC498 /* game objects */ = {
			isa = PBXGroup;
			children = (
				6509D29C1A5E290300F1BBA6 /* Player.h */,
				6509D29A1A5E290300F1BBA6 /* Player.m */,
				6509D29F1A5E290300F1BBA6 /* Obstacle.h */,
				6509D2981A5E290300F1BBA6 /* Obstacle.m */,
				6509D2C41A5E290300F1BBA6 /* Line.h */,
				6509D2CA1A5E290300F1BBA6 /* Line.m */,
			);
			name = "game objects";
			sourceTree = "<group>";
		};
		78A3ECED1A6F462A007FC498 /* view cells */ = {
			isa = PBXGroup;
			children = (
				6509D2A41A5E290300F1BBA6 /* LevelCollectionViewCell.h */,
				6509D2A51A5E290300F1BBA6 /* LevelCollectionViewCell.m */,
				6509D2C11A5E290300F1BBA6 /* ChapterCollectionViewCell.h */,
				6509D2C21A5E290300F1BBA6 /* ChapterCollectionViewCell.m */,
			);
			name = "view cells";
			sourceTree = "<group>";
		};
		78A3ECEE1A6F4644007FC498 /* gameplay */ = {
			isa = PBXGroup;
			children = (
				6509D29B1A5E290300F1BBA6 /* ButsuLiKi.h */,
				6509D2961A5E290300F1BBA6 /* ButsuLiKi.m */,
				6509D29D1A5E290300F1BBA6 /* Constants.m */,
				6509D29E1A5E290300F1BBA6 /* Constants.h */,
				6509D2C31A5E290300F1BBA6 /* ChunkLoader.h */,
				6509D2991A5E290300F1BBA6 /* ChunkLoader.m */,
			);
			name = gameplay;
			sourceTree = "<group>";
		};
		78A3ECEF1A6F465C007FC498 /* scenes */ = {
			isa = PBXGroup;
			children = (
				6509D2951A5E290300F1BBA6 /* GameScene.m */,
				6509D2971A5E290300F1BBA6 /* GameScene.h */,
				6509D2AF1A5E290300F1BBA6 /* LoadingScene.h */,
				6509D2AE1A5E290300F1BBA6 /* LoadingScene.m */,
			);
			name = scenes;
			sourceTree = "<group>";
		};
/* End PBXGroup section */

/* Begin PBXNativeTarget section */
		659B21C91A5E1C1300885C04 /* machweo */ = {
			isa = PBXNativeTarget;
			buildConfigurationList = 659B21F21A5E1C1400885C04 /* Build configuration list for PBXNativeTarget "machweo" */;
			buildPhases = (
				659B21C61A5E1C1300885C04 /* Sources */,
				659B21C71A5E1C1300885C04 /* Frameworks */,
				659B21C81A5E1C1300885C04 /* Resources */,
			);
			buildRules = (
			);
			dependencies = (
			);
			name = machweo;
			productName = machweo;
			productReference = 659B21CA1A5E1C1300885C04 /* machweo.app */;
			productType = "com.apple.product-type.application";
		};
		659B21E71A5E1C1400885C04 /* machweoTests */ = {
			isa = PBXNativeTarget;
			buildConfigurationList = 659B21F51A5E1C1400885C04 /* Build configuration list for PBXNativeTarget "machweoTests" */;
			buildPhases = (
				659B21E41A5E1C1400885C04 /* Sources */,
				659B21E51A5E1C1400885C04 /* Frameworks */,
				659B21E61A5E1C1400885C04 /* Resources */,
			);
			buildRules = (
			);
			dependencies = (
				659B21EA1A5E1C1400885C04 /* PBXTargetDependency */,
			);
			name = machweoTests;
			productName = machweoTests;
			productReference = 659B21E81A5E1C1400885C04 /* machweoTests.xctest */;
			productType = "com.apple.product-type.bundle.unit-test";
		};
/* End PBXNativeTarget section */

/* Begin PBXProject section */
		659B21C21A5E1C1300885C04 /* Project object */ = {
			isa = PBXProject;
			attributes = {
				LastUpgradeCheck = 0610;
				ORGANIZATIONNAME = "Zachary Feldcamp";
				TargetAttributes = {
					659B21C91A5E1C1300885C04 = {
						CreatedOnToolsVersion = 6.1;
						DevelopmentTeam = MN5SXS5EJ2;
					};
					659B21E71A5E1C1400885C04 = {
						CreatedOnToolsVersion = 6.1;
						TestTargetID = 659B21C91A5E1C1300885C04;
					};
				};
			};
			buildConfigurationList = 659B21C51A5E1C1300885C04 /* Build configuration list for PBXProject "machweo" */;
			compatibilityVersion = "Xcode 3.2";
			developmentRegion = English;
			hasScannedForEncodings = 0;
			knownRegions = (
				en,
				Base,
			);
			mainGroup = 659B21C11A5E1C1300885C04;
			productRefGroup = 659B21CB1A5E1C1300885C04 /* Products */;
			projectDirPath = "";
			projectRoot = "";
			targets = (
				659B21C91A5E1C1300885C04 /* machweo */,
				659B21E71A5E1C1400885C04 /* machweoTests */,
			);
		};
/* End PBXProject section */

/* Begin PBXResourcesBuildPhase section */
		659B21C81A5E1C1300885C04 /* Resources */ = {
			isa = PBXResourcesBuildPhase;
			buildActionMask = 2147483647;
			files = (
				782AE6701A74B01E00FF4225 /* blackgrass_decoration.png in Resources */,
				782AE6991A74B01E00FF4225 /* day2_decoration.png in Resources */,
				782AE6AD1A74B01E00FF4225 /* nightstars_decoration.png in Resources */,
				782AE6621A74B01E00FF4225 /* cloudopaque3_decoration.png in Resources */,
				782AE63F1A74B01E00FF4225 /* paradigmEightPointThree.xml in Resources */,
				782AE6841A74B01E00FF4225 /* obstacle2.ai in Resources */,
				782AE6C31A74B01E00FF4225 /* tree4_decoration.png in Resources */,
				782AE6B31A74B01E00FF4225 /* chapterCellTestBackgroundImage.png in Resources */,
				782AE63B1A74B01E00FF4225 /* paradigmEight.xml in Resources */,
				782AE6651A74B01E00FF4225 /* cloudopaque_decoration.png in Resources */,
				782AE6791A74B01E00FF4225 /* mountain2.png in Resources */,
				782AE6631A74B01E00FF4225 /* cloudopaque4.png in Resources */,
				782AE6521A74B01E00FF4225 /* cloud2_decoration.png in Resources */,
				782AE6C41A74B01E00FF4225 /* tree_decoration.png in Resources */,
				782AE6A71A74B01E00FF4225 /* moon_decoration.png in Resources */,
				782AE6881A74B01E00FF4225 /* obstacle4.ai in Resources */,
				782AE6C21A74B01E00FF4225 /* tree4.ai in Resources */,
				782AE6C11A74B01E00FF4225 /* tree3_decoration.png in Resources */,
				782AE6531A74B01E00FF4225 /* cloud2opaque.png in Resources */,
				782AE6A61A74B01E00FF4225 /* moon.ai in Resources */,
				6509D2E91A5E290300F1BBA6 /* brush7.png in Resources */,
				659B21E01A5E1C1300885C04 /* Images.xcassets in Resources */,
				782AE6BF1A74B01E00FF4225 /* tree2_decoration.png in Resources */,
				782AE6721A74B01E00FF4225 /* grass.png in Resources */,
				782AE65E1A74B01E00FF4225 /* cloud4_decoration.png in Resources */,
				782AE6A51A74B01E00FF4225 /* dusk3_decoration.png in Resources */,
				782AE6741A74B01E00FF4225 /* purplegrass_decoration.png in Resources */,
				782AE6AA1A74B01E00FF4225 /* nightstars.ai in Resources */,
				782AE64E1A74B01E00FF4225 /* cloud2.0.png in Resources */,
				782AE6BA1A74B01E00FF4225 /* redtree4.ai in Resources */,
				782AE67F1A74B01E00FF4225 /* circlemask_obstacle.png in Resources */,
				782AE6671A74B01E00FF4225 /* cloudred1_decoration.png in Resources */,
				782AE6441A74B01E00FF4225 /* testParallaxLevel2.xml in Resources */,
				782AE66A1A74B01E00FF4225 /* cloudred3.png in Resources */,
				782AE6641A74B01E00FF4225 /* cloudopaque4_decoration.png in Resources */,
				782AE64D1A74B01E00FF4225 /* cloud1.0_decoration.png in Resources */,
				782AE68E1A74B01E00FF4225 /* totem.ai in Resources */,
				782AE6A31A74B01E00FF4225 /* dusk1_decoration.png in Resources */,
				782AE6A41A74B01E00FF4225 /* dusk3.ai in Resources */,
				782AE65F1A74B01E00FF4225 /* cloud_decoration.png in Resources */,
				782AE6BC1A74B01E00FF4225 /* redtree_decoration.png in Resources */,
				782AE6911A74B01E00FF4225 /* totem_obstacle.png in Resources */,
				782AE6541A74B01E00FF4225 /* cloud2opaque_decoration.png in Resources */,
				782AE69B1A74B01E00FF4225 /* day3_decoration.png in Resources */,
				782AE6A11A74B01E00FF4225 /* dayog_decoration.png in Resources */,
				782AE65B1A74B01E00FF4225 /* cloud4.0_decoration.png in Resources */,
				782AE64C1A74B01E00FF4225 /* cloud1.0.png in Resources */,
				782AE6BB1A74B01E00FF4225 /* redtree4_decoration.png in Resources */,
				782AE69F1A74B01E00FF4225 /* day6_decoration.png in Resources */,
				782AE67B1A74B01E00FF4225 /* mountain3_decoration.ai in Resources */,
				782AE6581A74B01E00FF4225 /* cloud3.png in Resources */,
				782AE6681A74B01E00FF4225 /* cloudred2.png in Resources */,
				782AE68A1A74B01E00FF4225 /* rotate.ai in Resources */,
				782AE66C1A74B01E00FF4225 /* cloudred4.png in Resources */,
				782AE6551A74B01E00FF4225 /* cloud3.0.png in Resources */,
				782AE63D1A74B01E00FF4225 /* paradigmEightPointFour.xml in Resources */,
				782AE6B01A74B01E00FF4225 /* spikesunyell.ai in Resources */,
				782AE63C1A74B01E00FF4225 /* paradigmEightPointFive.xml in Resources */,
				782AE6A81A74B01E00FF4225 /* night.ai in Resources */,
				782AE66E1A74B01E00FF4225 /* blackgrass.ai in Resources */,
				782AE6B71A74B01E00FF4225 /* redtree2_decoration.png in Resources */,
				782AE6831A74B01E00FF4225 /* obstacle1_obstacle.png in Resources */,
				782AE6491A74B01E00FF4225 /* button.png in Resources */,
				782AE6451A74B01E00FF4225 /* totemFrenzy.xml in Resources */,
				782AE6A01A74B01E00FF4225 /* dayog.ai in Resources */,
				782AE67D1A74B01E00FF4225 /* mountain_decoration.png in Resources */,
				782AE64A1A74B01E00FF4225 /* cloud.ai in Resources */,
				782AE6401A74B01E00FF4225 /* paradigmEightPointTwo.xml in Resources */,
				782AE6691A74B01E00FF4225 /* cloudred2_decoration.png in Resources */,
				782AE6B11A74B01E00FF4225 /* spikesunyell_decoration.png in Resources */,
				782AE65C1A74B01E00FF4225 /* cloud4.ai in Resources */,
				782AE6BE1A74B01E00FF4225 /* tree2.ai in Resources */,
				782AE6861A74B01E00FF4225 /* obstacle3.ai in Resources */,
				782AE6A91A74B01E00FF4225 /* night_decoration.png in Resources */,
				782AE6981A74B01E00FF4225 /* day2.ai in Resources */,
				782AE69C1A74B01E00FF4225 /* day5.ai in Resources */,
				6509D2EA1A5E290300F1BBA6 /* fatbrush.png in Resources */,
				782AE68F1A74B01E00FF4225 /* totem2.ai in Resources */,
				782AE6921A74B01E00FF4225 /* triangle.ai in Resources */,
				782AE6781A74B01E00FF4225 /* mountain2.ai in Resources */,
				782AE6871A74B01E00FF4225 /* obstacle3_obstacle.png in Resources */,
				782AE6B91A74B01E00FF4225 /* redtree3_decoration.png in Resources */,
				782AE6961A74B01E00FF4225 /* dawn4.ai in Resources */,
				782AE6431A74B01E00FF4225 /* testParallaxLevel1.xml in Resources */,
				782AE6471A74B01E00FF4225 /* levelCells.xml in Resources */,
				782AE67A1A74B01E00FF4225 /* mountain2_decoration.png in Resources */,
				782AE6751A74B01E00FF4225 /* redgrass.ai in Resources */,
				782AE6561A74B01E00FF4225 /* cloud3.0_decoration.png in Resources */,
				782AE6771A74B01E00FF4225 /* mountain.ai in Resources */,
				782AE64F1A74B01E00FF4225 /* cloud2.0_decoration.png in Resources */,
				782AE6B51A74B01E00FF4225 /* redtree.ai in Resources */,
				782AE6901A74B01E00FF4225 /* totem2_obstacle.png in Resources */,
				782AE6941A74B01E00FF4225 /* dawn2.ai in Resources */,
				782AE68B1A74B01E00FF4225 /* rotate_obstacle.png in Resources */,
				782AE66F1A74B01E00FF4225 /* blackgrass.gif in Resources */,
				782AE6421A74B01E00FF4225 /* paradigmSeven.xml in Resources */,
				782AE66B1A74B01E00FF4225 /* cloudred3_decoration.png in Resources */,
				782AE68D1A74B01E00FF4225 /* square_obstacle.png in Resources */,
				782AE6711A74B01E00FF4225 /* grass.ai in Resources */,
				782AE6611A74B01E00FF4225 /* cloudopaque3.png in Resources */,
				782AE64B1A74B01E00FF4225 /* cloud.png in Resources */,
				782AE6481A74B01E00FF4225 /* button.ai in Resources */,
				782AE6A21A74B01E00FF4225 /* dusk1.ai in Resources */,
				782AE65D1A74B01E00FF4225 /* cloud4.png in Resources */,
				782AE6B41A74B01E00FF4225 /* levelCellTestBackgroundImage.png in Resources */,
				782AE6761A74B01E00FF4225 /* redgrass_decoration.png in Resources */,
				782AE63E1A74B01E00FF4225 /* paradigmEightPointSix.xml in Resources */,
				782AE6411A74B01E00FF4225 /* paradigmNine.xml in Resources */,
				782AE6801A74B01E00FF4225 /* hexagon.ai in Resources */,
				782AE6B61A74B01E00FF4225 /* redtree2.ai in Resources */,
				782AE6661A74B01E00FF4225 /* cloudred1.png in Resources */,
				782AE6AC1A74B01E00FF4225 /* nightstars2_decoration.png in Resources */,
				782AE6951A74B01E00FF4225 /* dawn2_decoration.png in Resources */,
				782AE69D1A74B01E00FF4225 /* day5_decoration.png in Resources */,
				782AE69E1A74B01E00FF4225 /* day6.ai in Resources */,
				782AE6511A74B01E00FF4225 /* cloud2.png in Resources */,
				782AE6AB1A74B01E00FF4225 /* nightstars2.ai in Resources */,
				782AE6811A74B01E00FF4225 /* hexagon_obstacle.png in Resources */,
				782AE65A1A74B01E00FF4225 /* cloud4.0.png in Resources */,
				782AE6971A74B01E00FF4225 /* dawn4_decoration.png in Resources */,
				782AE6931A74B01E00FF4225 /* triangle_obstacle.png in Resources */,
				782AE66D1A74B01E00FF4225 /* cloudred4_decoration.png in Resources */,
				6509D2EB1A5E290300F1BBA6 /* mediumbrush.png in Resources */,
				782AE6891A74B01E00FF4225 /* obstacle4_obstacle.png in Resources */,
				6509D2CC1A5E290300F1BBA6 /* Main.storyboard in Resources */,
				782AE67C1A74B01E00FF4225 /* mountain3_decoration.png in Resources */,
				782AE6BD1A74B01E00FF4225 /* tree.ai in Resources */,
				782AE6AF1A74B01E00FF4225 /* spikesun_decoration.png in Resources */,
				782AE6591A74B01E00FF4225 /* cloud3_decoration.png in Resources */,
				782AE6851A74B01E00FF4225 /* obstacle2_obstacle.png in Resources */,
				782AE67E1A74B01E00FF4225 /* circlemask.ai in Resources */,
				782AE6571A74B01E00FF4225 /* cloud3.ai in Resources */,
				782AE6821A74B01E00FF4225 /* obstacle1.ai in Resources */,
				782AE68C1A74B01E00FF4225 /* square.ai in Resources */,
				782AE69A1A74B01E00FF4225 /* day3.ai in Resources */,
				782AE6C61A74B63400FF4225 /* mistyNightOne.xml in Resources */,
				782AE6601A74B01E00FF4225 /* cloudopaque.png in Resources */,
				782AE6B81A74B01E00FF4225 /* redtree3.ai in Resources */,
				782AE6B21A74B01E00FF4225 /* sun_decoration.png in Resources */,
				6509D2EC1A5E290300F1BBA6 /* smallbrush.png in Resources */,
				782AE6C01A74B01E00FF4225 /* tree3.ai in Resources */,
				782AE6731A74B01E00FF4225 /* purplegrass.ai in Resources */,
				782AE6AE1A74B01E00FF4225 /* spikesun.ai in Resources */,
				782AE6501A74B01E00FF4225 /* cloud2.ai in Resources */,
				782AE6461A74B01E00FF4225 /* chapterCells.xml in Resources */,
			);
			runOnlyForDeploymentPostprocessing = 0;
		};
		659B21E61A5E1C1400885C04 /* Resources */ = {
			isa = PBXResourcesBuildPhase;
			buildActionMask = 2147483647;
			files = (
			);
			runOnlyForDeploymentPostprocessing = 0;
		};
/* End PBXResourcesBuildPhase section */

/* Begin PBXSourcesBuildPhase section */
		659B21C61A5E1C1300885C04 /* Sources */ = {
			isa = PBXSourcesBuildPhase;
			buildActionMask = 2147483647;
			files = (
				78A3ECE51A6F44EA007FC498 /* ArchivableChapter.m in Sources */,
				6509D2D61A5E290300F1BBA6 /* AppDelegate.m in Sources */,
				6509D2D31A5E290300F1BBA6 /* ChunkLoader.m in Sources */,
				78A3ECE21A6F44AF007FC498 /* ArchivableData.m in Sources */,
				6509D2DA1A5E290300F1BBA6 /* LevelCellParser.m in Sources */,
				78A3ECE81A6F44F9007FC498 /* ArchivableLevel.m in Sources */,
				659B21D01A5E1C1300885C04 /* main.m in Sources */,
				6509D2CE1A5E290300F1BBA6 /* GameViewController.m in Sources */,
				6509D2ED1A5E290300F1BBA6 /* Line.m in Sources */,
				6509D2DD1A5E290300F1BBA6 /* LoadingScene.m in Sources */,
				6509D2E81A5E290300F1BBA6 /* ChapterCollectionViewCell.m in Sources */,
				6509D2D01A5E290300F1BBA6 /* GameScene.m in Sources */,
				6509D2D81A5E290300F1BBA6 /* LevelCollectionViewCell.m in Sources */,
				6509D2CF1A5E290300F1BBA6 /* CustomNavigationController.m in Sources */,
				6509D2D51A5E290300F1BBA6 /* Constants.m in Sources */,
				6509D2D21A5E290300F1BBA6 /* Obstacle.m in Sources */,
				6509D2D71A5E290300F1BBA6 /* LevelSelectionCollectionViewController.m in Sources */,
				6509D2D11A5E290300F1BBA6 /* ButsuLiKi.m in Sources */,
				6509D2D41A5E290300F1BBA6 /* Player.m in Sources */,
				6509D2D91A5E290300F1BBA6 /* ChapterCellParser.m in Sources */,
				6509D2CD1A5E290300F1BBA6 /* ChapterSelectionCollectionViewController.m in Sources */,
				6509D2DB1A5E290300F1BBA6 /* ChapterCell.m in Sources */,
				6509D2DC1A5E290300F1BBA6 /* LevelCell.m in Sources */,
			);
			runOnlyForDeploymentPostprocessing = 0;
		};
		659B21E41A5E1C1400885C04 /* Sources */ = {
			isa = PBXSourcesBuildPhase;
			buildActionMask = 2147483647;
			files = (
				659B21EF1A5E1C1400885C04 /* machweoTests.m in Sources */,
			);
			runOnlyForDeploymentPostprocessing = 0;
		};
/* End PBXSourcesBuildPhase section */

/* Begin PBXTargetDependency section */
		659B21EA1A5E1C1400885C04 /* PBXTargetDependency */ = {
			isa = PBXTargetDependency;
			target = 659B21C91A5E1C1300885C04 /* machweo */;
			targetProxy = 659B21E91A5E1C1400885C04 /* PBXContainerItemProxy */;
		};
/* End PBXTargetDependency section */

/* Begin PBXVariantGroup section */
		6509D28F1A5E290300F1BBA6 /* Main.storyboard */ = {
			isa = PBXVariantGroup;
			children = (
				6509D2901A5E290300F1BBA6 /* Base */,
			);
			name = Main.storyboard;
			sourceTree = "<group>";
		};
/* End PBXVariantGroup section */

/* Begin XCBuildConfiguration section */
		659B21F01A5E1C1400885C04 /* Debug */ = {
			isa = XCBuildConfiguration;
			buildSettings = {
				ALWAYS_SEARCH_USER_PATHS = NO;
				CLANG_CXX_LANGUAGE_STANDARD = "gnu++0x";
				CLANG_CXX_LIBRARY = "libc++";
				CLANG_ENABLE_MODULES = YES;
				CLANG_ENABLE_OBJC_ARC = YES;
				CLANG_WARN_BOOL_CONVERSION = YES;
				CLANG_WARN_CONSTANT_CONVERSION = YES;
				CLANG_WARN_DIRECT_OBJC_ISA_USAGE = YES_ERROR;
				CLANG_WARN_EMPTY_BODY = YES;
				CLANG_WARN_ENUM_CONVERSION = YES;
				CLANG_WARN_INT_CONVERSION = YES;
				CLANG_WARN_OBJC_ROOT_CLASS = YES_ERROR;
				CLANG_WARN_UNREACHABLE_CODE = YES;
				CLANG_WARN__DUPLICATE_METHOD_MATCH = YES;
				"CODE_SIGN_IDENTITY[sdk=iphoneos*]" = "iPhone Developer";
				COPY_PHASE_STRIP = NO;
				ENABLE_STRICT_OBJC_MSGSEND = YES;
				GCC_C_LANGUAGE_STANDARD = gnu99;
				GCC_DYNAMIC_NO_PIC = NO;
				GCC_OPTIMIZATION_LEVEL = 0;
				GCC_PREPROCESSOR_DEFINITIONS = (
					"DEBUG=1",
					"$(inherited)",
				);
				GCC_SYMBOLS_PRIVATE_EXTERN = NO;
				GCC_WARN_64_TO_32_BIT_CONVERSION = YES;
				GCC_WARN_ABOUT_RETURN_TYPE = YES_ERROR;
				GCC_WARN_UNDECLARED_SELECTOR = YES;
				GCC_WARN_UNINITIALIZED_AUTOS = YES_AGGRESSIVE;
				GCC_WARN_UNUSED_FUNCTION = YES;
				GCC_WARN_UNUSED_VARIABLE = YES;
				IPHONEOS_DEPLOYMENT_TARGET = 8.1;
				MTL_ENABLE_DEBUG_INFO = YES;
				ONLY_ACTIVE_ARCH = YES;
				SDKROOT = iphoneos;
				TARGETED_DEVICE_FAMILY = "1,2";
			};
			name = Debug;
		};
		659B21F11A5E1C1400885C04 /* Release */ = {
			isa = XCBuildConfiguration;
			buildSettings = {
				ALWAYS_SEARCH_USER_PATHS = NO;
				CLANG_CXX_LANGUAGE_STANDARD = "gnu++0x";
				CLANG_CXX_LIBRARY = "libc++";
				CLANG_ENABLE_MODULES = YES;
				CLANG_ENABLE_OBJC_ARC = YES;
				CLANG_WARN_BOOL_CONVERSION = YES;
				CLANG_WARN_CONSTANT_CONVERSION = YES;
				CLANG_WARN_DIRECT_OBJC_ISA_USAGE = YES_ERROR;
				CLANG_WARN_EMPTY_BODY = YES;
				CLANG_WARN_ENUM_CONVERSION = YES;
				CLANG_WARN_INT_CONVERSION = YES;
				CLANG_WARN_OBJC_ROOT_CLASS = YES_ERROR;
				CLANG_WARN_UNREACHABLE_CODE = YES;
				CLANG_WARN__DUPLICATE_METHOD_MATCH = YES;
				"CODE_SIGN_IDENTITY[sdk=iphoneos*]" = "iPhone Developer";
				COPY_PHASE_STRIP = YES;
				ENABLE_NS_ASSERTIONS = NO;
				ENABLE_STRICT_OBJC_MSGSEND = YES;
				GCC_C_LANGUAGE_STANDARD = gnu99;
				GCC_WARN_64_TO_32_BIT_CONVERSION = YES;
				GCC_WARN_ABOUT_RETURN_TYPE = YES_ERROR;
				GCC_WARN_UNDECLARED_SELECTOR = YES;
				GCC_WARN_UNINITIALIZED_AUTOS = YES_AGGRESSIVE;
				GCC_WARN_UNUSED_FUNCTION = YES;
				GCC_WARN_UNUSED_VARIABLE = YES;
				IPHONEOS_DEPLOYMENT_TARGET = 8.1;
				MTL_ENABLE_DEBUG_INFO = NO;
				SDKROOT = iphoneos;
				TARGETED_DEVICE_FAMILY = "1,2";
				VALIDATE_PRODUCT = YES;
			};
			name = Release;
		};
		659B21F31A5E1C1400885C04 /* Debug */ = {
			isa = XCBuildConfiguration;
			buildSettings = {
				ASSETCATALOG_COMPILER_APPICON_NAME = AppIcon;
				CODE_SIGN_IDENTITY = "iPhone Developer";
				INFOPLIST_FILE = machweo/Info.plist;
				LD_RUNPATH_SEARCH_PATHS = "$(inherited) @executable_path/Frameworks";
				PRODUCT_NAME = "$(TARGET_NAME)";
			};
			name = Debug;
		};
		659B21F41A5E1C1400885C04 /* Release */ = {
			isa = XCBuildConfiguration;
			buildSettings = {
				ASSETCATALOG_COMPILER_APPICON_NAME = AppIcon;
				CODE_SIGN_IDENTITY = "iPhone Developer";
				INFOPLIST_FILE = machweo/Info.plist;
				LD_RUNPATH_SEARCH_PATHS = "$(inherited) @executable_path/Frameworks";
				PRODUCT_NAME = "$(TARGET_NAME)";
			};
			name = Release;
		};
		659B21F61A5E1C1400885C04 /* Debug */ = {
			isa = XCBuildConfiguration;
			buildSettings = {
				BUNDLE_LOADER = "$(TEST_HOST)";
				FRAMEWORK_SEARCH_PATHS = (
					"$(SDKROOT)/Developer/Library/Frameworks",
					"$(inherited)",
				);
				GCC_PREPROCESSOR_DEFINITIONS = (
					"DEBUG=1",
					"$(inherited)",
				);
				INFOPLIST_FILE = machweoTests/Info.plist;
				LD_RUNPATH_SEARCH_PATHS = "$(inherited) @executable_path/Frameworks @loader_path/Frameworks";
				PRODUCT_NAME = "$(TARGET_NAME)";
				TEST_HOST = "$(BUILT_PRODUCTS_DIR)/machweo.app/machweo";
			};
			name = Debug;
		};
		659B21F71A5E1C1400885C04 /* Release */ = {
			isa = XCBuildConfiguration;
			buildSettings = {
				BUNDLE_LOADER = "$(TEST_HOST)";
				FRAMEWORK_SEARCH_PATHS = (
					"$(SDKROOT)/Developer/Library/Frameworks",
					"$(inherited)",
				);
				INFOPLIST_FILE = machweoTests/Info.plist;
				LD_RUNPATH_SEARCH_PATHS = "$(inherited) @executable_path/Frameworks @loader_path/Frameworks";
				PRODUCT_NAME = "$(TARGET_NAME)";
				TEST_HOST = "$(BUILT_PRODUCTS_DIR)/machweo.app/machweo";
			};
			name = Release;
		};
/* End XCBuildConfiguration section */

/* Begin XCConfigurationList section */
		659B21C51A5E1C1300885C04 /* Build configuration list for PBXProject "machweo" */ = {
			isa = XCConfigurationList;
			buildConfigurations = (
				659B21F01A5E1C1400885C04 /* Debug */,
				659B21F11A5E1C1400885C04 /* Release */,
			);
			defaultConfigurationIsVisible = 0;
			defaultConfigurationName = Release;
		};
		659B21F21A5E1C1400885C04 /* Build configuration list for PBXNativeTarget "machweo" */ = {
			isa = XCConfigurationList;
			buildConfigurations = (
				659B21F31A5E1C1400885C04 /* Debug */,
				659B21F41A5E1C1400885C04 /* Release */,
			);
			defaultConfigurationIsVisible = 0;
			defaultConfigurationName = Release;
		};
		659B21F51A5E1C1400885C04 /* Build configuration list for PBXNativeTarget "machweoTests" */ = {
			isa = XCConfigurationList;
			buildConfigurations = (
				659B21F61A5E1C1400885C04 /* Debug */,
				659B21F71A5E1C1400885C04 /* Release */,
			);
			defaultConfigurationIsVisible = 0;
			defaultConfigurationName = Release;
		};
/* End XCConfigurationList section */
	};
	rootObject = 659B21C21A5E1C1300885C04 /* Project object */;
}
