// !$*UTF8*$!
{
	archiveVersion = 1;
	classes = {
	};
	objectVersion = 46;
	objects = {

/* Begin PBXBuildFile section */
		659B21D01A5E1C1300885C04 /* main.m in Sources */ = {isa = PBXBuildFile; fileRef = 659B21CF1A5E1C1300885C04 /* main.m */; };
		659B21D31A5E1C1300885C04 /* AppDelegate.m in Sources */ = {isa = PBXBuildFile; fileRef = 659B21D21A5E1C1300885C04 /* AppDelegate.m */; };
		659B21D61A5E1C1300885C04 /* GameScene.m in Sources */ = {isa = PBXBuildFile; fileRef = 659B21D51A5E1C1300885C04 /* GameScene.m */; };
		659B21D81A5E1C1300885C04 /* GameScene.sks in Resources */ = {isa = PBXBuildFile; fileRef = 659B21D71A5E1C1300885C04 /* GameScene.sks */; };
		659B21DB1A5E1C1300885C04 /* GameViewController.m in Sources */ = {isa = PBXBuildFile; fileRef = 659B21DA1A5E1C1300885C04 /* GameViewController.m */; };
		659B21DE1A5E1C1300885C04 /* Main.storyboard in Resources */ = {isa = PBXBuildFile; fileRef = 659B21DC1A5E1C1300885C04 /* Main.storyboard */; };
		659B21E01A5E1C1300885C04 /* Images.xcassets in Resources */ = {isa = PBXBuildFile; fileRef = 659B21DF1A5E1C1300885C04 /* Images.xcassets */; };
		659B21E31A5E1C1300885C04 /* LaunchScreen.xib in Resources */ = {isa = PBXBuildFile; fileRef = 659B21E11A5E1C1300885C04 /* LaunchScreen.xib */; };
		659B21EF1A5E1C1400885C04 /* machweoTests.m in Sources */ = {isa = PBXBuildFile; fileRef = 659B21EE1A5E1C1400885C04 /* machweoTests.m */; };
/* End PBXBuildFile section */

/* Begin PBXContainerItemProxy section */
		659B21E91A5E1C1400885C04 /* PBXContainerItemProxy */ = {
			isa = PBXContainerItemProxy;
			containerPortal = 659B21C21A5E1C1300885C04 /* Project object */;
			proxyType = 1;
			remoteGlobalIDString = 659B21C91A5E1C1300885C04;
			remoteInfo = machweo;
		};
/* End PBXContainerItemProxy section */

/* Begin PBXFileReference section */
		659B21CA1A5E1C1300885C04 /* machweo.app */ = {isa = PBXFileReference; explicitFileType = wrapper.application; includeInIndex = 0; path = machweo.app; sourceTree = BUILT_PRODUCTS_DIR; };
		659B21CE1A5E1C1300885C04 /* Info.plist */ = {isa = PBXFileReference; lastKnownFileType = text.plist.xml; path = Info.plist; sourceTree = "<group>"; };
		659B21CF1A5E1C1300885C04 /* main.m */ = {isa = PBXFileReference; lastKnownFileType = sourcecode.c.objc; path = main.m; sourceTree = "<group>"; };
		659B21D11A5E1C1300885C04 /* AppDelegate.h */ = {isa = PBXFileReference; lastKnownFileType = sourcecode.c.h; path = AppDelegate.h; sourceTree = "<group>"; };
		659B21D21A5E1C1300885C04 /* AppDelegate.m */ = {isa = PBXFileReference; lastKnownFileType = sourcecode.c.objc; path = AppDelegate.m; sourceTree = "<group>"; };
		659B21D41A5E1C1300885C04 /* GameScene.h */ = {isa = PBXFileReference; lastKnownFileType = sourcecode.c.h; path = GameScene.h; sourceTree = "<group>"; };
		659B21D51A5E1C1300885C04 /* GameScene.m */ = {isa = PBXFileReference; lastKnownFileType = sourcecode.c.objc; path = GameScene.m; sourceTree = "<group>"; };
		659B21D71A5E1C1300885C04 /* GameScene.sks */ = {isa = PBXFileReference; lastKnownFileType = file.sks; path = GameScene.sks; sourceTree = "<group>"; };
		659B21D91A5E1C1300885C04 /* GameViewController.h */ = {isa = PBXFileReference; lastKnownFileType = sourcecode.c.h; path = GameViewController.h; sourceTree = "<group>"; };
		659B21DA1A5E1C1300885C04 /* GameViewController.m */ = {isa = PBXFileReference; lastKnownFileType = sourcecode.c.objc; path = GameViewController.m; sourceTree = "<group>"; };
		659B21DD1A5E1C1300885C04 /* Base */ = {isa = PBXFileReference; lastKnownFileType = file.storyboard; name = Base; path = Base.lproj/Main.storyboard; sourceTree = "<group>"; };
		659B21DF1A5E1C1300885C04 /* Images.xcassets */ = {isa = PBXFileReference; lastKnownFileType = folder.assetcatalog; path = Images.xcassets; sourceTree = "<group>"; };
		659B21E21A5E1C1300885C04 /* Base */ = {isa = PBXFileReference; lastKnownFileType = file.xib; name = Base; path = Base.lproj/LaunchScreen.xib; sourceTree = "<group>"; };
		659B21E81A5E1C1400885C04 /* machweoTests.xctest */ = {isa = PBXFileReference; explicitFileType = wrapper.cfbundle; includeInIndex = 0; path = machweoTests.xctest; sourceTree = BUILT_PRODUCTS_DIR; };
		659B21ED1A5E1C1400885C04 /* Info.plist */ = {isa = PBXFileReference; lastKnownFileType = text.plist.xml; path = Info.plist; sourceTree = "<group>"; };
		659B21EE1A5E1C1400885C04 /* machweoTests.m */ = {isa = PBXFileReference; lastKnownFileType = sourcecode.c.objc; path = machweoTests.m; sourceTree = "<group>"; };
/* End PBXFileReference section */

/* Begin PBXFrameworksBuildPhase section */
		659B21C71A5E1C1300885C04 /* Frameworks */ = {
			isa = PBXFrameworksBuildPhase;
			buildActionMask = 2147483647;
			files = (
			);
			runOnlyForDeploymentPostprocessing = 0;
		};
		659B21E51A5E1C1400885C04 /* Frameworks */ = {
			isa = PBXFrameworksBuildPhase;
			buildActionMask = 2147483647;
			files = (
			);
			runOnlyForDeploymentPostprocessing = 0;
		};
/* End PBXFrameworksBuildPhase section */

/* Begin PBXGroup section */
		659B21C11A5E1C1300885C04 = {
			isa = PBXGroup;
			children = (
				659B21CC1A5E1C1300885C04 /* machweo */,
				659B21EB1A5E1C1400885C04 /* machweoTests */,
				659B21CB1A5E1C1300885C04 /* Products */,
			);
			sourceTree = "<group>";
		};
		659B21CB1A5E1C1300885C04 /* Products */ = {
			isa = PBXGroup;
			children = (
				659B21CA1A5E1C1300885C04 /* machweo.app */,
				659B21E81A5E1C1400885C04 /* machweoTests.xctest */,
			);
			name = Products;
			sourceTree = "<group>";
		};
		659B21CC1A5E1C1300885C04 /* machweo */ = {
			isa = PBXGroup;
			children = (
				659B21D11A5E1C1300885C04 /* AppDelegate.h */,
				659B21D21A5E1C1300885C04 /* AppDelegate.m */,
				659B21D41A5E1C1300885C04 /* GameScene.h */,
				659B21D51A5E1C1300885C04 /* GameScene.m */,
				659B21D71A5E1C1300885C04 /* GameScene.sks */,
				659B21D91A5E1C1300885C04 /* GameViewController.h */,
				659B21DA1A5E1C1300885C04 /* GameViewController.m */,
				659B21DC1A5E1C1300885C04 /* Main.storyboard */,
				659B21DF1A5E1C1300885C04 /* Images.xcassets */,
				659B21E11A5E1C1300885C04 /* LaunchScreen.xib */,
				659B21CD1A5E1C1300885C04 /* Supporting Files */,
			);
			path = machweo;
			sourceTree = "<group>";
		};
		659B21CD1A5E1C1300885C04 /* Supporting Files */ = {
			isa = PBXGroup;
			children = (
				659B21CE1A5E1C1300885C04 /* Info.plist */,
				659B21CF1A5E1C1300885C04 /* main.m */,
			);
			name = "Supporting Files";
			sourceTree = "<group>";
		};
		659B21EB1A5E1C1400885C04 /* machweoTests */ = {
			isa = PBXGroup;
			children = (
				659B21EE1A5E1C1400885C04 /* machweoTests.m */,
				659B21EC1A5E1C1400885C04 /* Supporting Files */,
			);
			path = machweoTests;
			sourceTree = "<group>";
		};
		659B21EC1A5E1C1400885C04 /* Supporting Files */ = {
			isa = PBXGroup;
			children = (
				659B21ED1A5E1C1400885C04 /* Info.plist */,
			);
			name = "Supporting Files";
			sourceTree = "<group>";
		};
/* End PBXGroup section */

/* Begin PBXNativeTarget section */
		659B21C91A5E1C1300885C04 /* machweo */ = {
			isa = PBXNativeTarget;
			buildConfigurationList = 659B21F21A5E1C1400885C04 /* Build configuration list for PBXNativeTarget "machweo" */;
			buildPhases = (
				659B21C61A5E1C1300885C04 /* Sources */,
				659B21C71A5E1C1300885C04 /* Frameworks */,
				659B21C81A5E1C1300885C04 /* Resources */,
			);
			buildRules = (
			);
			dependencies = (
			);
			name = machweo;
			productName = machweo;
			productReference = 659B21CA1A5E1C1300885C04 /* machweo.app */;
			productType = "com.apple.product-type.application";
		};
		659B21E71A5E1C1400885C04 /* machweoTests */ = {
			isa = PBXNativeTarget;
			buildConfigurationList = 659B21F51A5E1C1400885C04 /* Build configuration list for PBXNativeTarget "machweoTests" */;
			buildPhases = (
				659B21E41A5E1C1400885C04 /* Sources */,
				659B21E51A5E1C1400885C04 /* Frameworks */,
				659B21E61A5E1C1400885C04 /* Resources */,
			);
			buildRules = (
			);
			dependencies = (
				659B21EA1A5E1C1400885C04 /* PBXTargetDependency */,
			);
			name = machweoTests;
			productName = machweoTests;
			productReference = 659B21E81A5E1C1400885C04 /* machweoTests.xctest */;
			productType = "com.apple.product-type.bundle.unit-test";
		};
/* End PBXNativeTarget section */

/* Begin PBXProject section */
		659B21C21A5E1C1300885C04 /* Project object */ = {
			isa = PBXProject;
			attributes = {
				LastUpgradeCheck = 0610;
				ORGANIZATIONNAME = "Zachary Feldcamp";
				TargetAttributes = {
					659B21C91A5E1C1300885C04 = {
						CreatedOnToolsVersion = 6.1;
					};
					659B21E71A5E1C1400885C04 = {
						CreatedOnToolsVersion = 6.1;
						TestTargetID = 659B21C91A5E1C1300885C04;
					};
				};
			};
			buildConfigurationList = 659B21C51A5E1C1300885C04 /* Build configuration list for PBXProject "machweo" */;
			compatibilityVersion = "Xcode 3.2";
			developmentRegion = English;
			hasScannedForEncodings = 0;
			knownRegions = (
				en,
				Base,
			);
			mainGroup = 659B21C11A5E1C1300885C04;
			productRefGroup = 659B21CB1A5E1C1300885C04 /* Products */;
			projectDirPath = "";
			projectRoot = "";
			targets = (
				659B21C91A5E1C1300885C04 /* machweo */,
				659B21E71A5E1C1400885C04 /* machweoTests */,
			);
		};
/* End PBXProject section */

/* Begin PBXResourcesBuildPhase section */
		659B21C81A5E1C1300885C04 /* Resources */ = {
			isa = PBXResourcesBuildPhase;
			buildActionMask = 2147483647;
			files = (
				659B21E31A5E1C1300885C04 /* LaunchScreen.xib in Resources */,
				659B21E01A5E1C1300885C04 /* Images.xcassets in Resources */,
				659B21D81A5E1C1300885C04 /* GameScene.sks in Resources */,
				659B21DE1A5E1C1300885C04 /* Main.storyboard in Resources */,
			);
			runOnlyForDeploymentPostprocessing = 0;
		};
		659B21E61A5E1C1400885C04 /* Resources */ = {
			isa = PBXResourcesBuildPhase;
			buildActionMask = 2147483647;
			files = (
			);
			runOnlyForDeploymentPostprocessing = 0;
		};
/* End PBXResourcesBuildPhase section */

/* Begin PBXSourcesBuildPhase section */
		659B21C61A5E1C1300885C04 /* Sources */ = {
			isa = PBXSourcesBuildPhase;
			buildActionMask = 2147483647;
			files = (
				659B21DB1A5E1C1300885C04 /* GameViewController.m in Sources */,
				659B21D31A5E1C1300885C04 /* AppDelegate.m in Sources */,
				659B21D61A5E1C1300885C04 /* GameScene.m in Sources */,
				659B21D01A5E1C1300885C04 /* main.m in Sources */,
			);
			runOnlyForDeploymentPostprocessing = 0;
		};
		659B21E41A5E1C1400885C04 /* Sources */ = {
			isa = PBXSourcesBuildPhase;
			buildActionMask = 2147483647;
			files = (
				659B21EF1A5E1C1400885C04 /* machweoTests.m in Sources */,
			);
			runOnlyForDeploymentPostprocessing = 0;
		};
/* End PBXSourcesBuildPhase section */

/* Begin PBXTargetDependency section */
		659B21EA1A5E1C1400885C04 /* PBXTargetDependency */ = {
			isa = PBXTargetDependency;
			target = 659B21C91A5E1C1300885C04 /* machweo */;
			targetProxy = 659B21E91A5E1C1400885C04 /* PBXContainerItemProxy */;
		};
/* End PBXTargetDependency section */

/* Begin PBXVariantGroup section */
		659B21DC1A5E1C1300885C04 /* Main.storyboard */ = {
			isa = PBXVariantGroup;
			children = (
				659B21DD1A5E1C1300885C04 /* Base */,
			);
			name = Main.storyboard;
			sourceTree = "<group>";
		};
		659B21E11A5E1C1300885C04 /* LaunchScreen.xib */ = {
			isa = PBXVariantGroup;
			children = (
				659B21E21A5E1C1300885C04 /* Base */,
			);
			name = LaunchScreen.xib;
			sourceTree = "<group>";
		};
/* End PBXVariantGroup section */

/* Begin XCBuildConfiguration section */
		659B21F01A5E1C1400885C04 /* Debug */ = {
			isa = XCBuildConfiguration;
			buildSettings = {
				ALWAYS_SEARCH_USER_PATHS = NO;
				CLANG_CXX_LANGUAGE_STANDARD = "gnu++0x";
				CLANG_CXX_LIBRARY = "libc++";
				CLANG_ENABLE_MODULES = YES;
				CLANG_ENABLE_OBJC_ARC = YES;
				CLANG_WARN_BOOL_CONVERSION = YES;
				CLANG_WARN_CONSTANT_CONVERSION = YES;
				CLANG_WARN_DIRECT_OBJC_ISA_USAGE = YES_ERROR;
				CLANG_WARN_EMPTY_BODY = YES;
				CLANG_WARN_ENUM_CONVERSION = YES;
				CLANG_WARN_INT_CONVERSION = YES;
				CLANG_WARN_OBJC_ROOT_CLASS = YES_ERROR;
				CLANG_WARN_UNREACHABLE_CODE = YES;
				CLANG_WARN__DUPLICATE_METHOD_MATCH = YES;
				"CODE_SIGN_IDENTITY[sdk=iphoneos*]" = "iPhone Developer";
				COPY_PHASE_STRIP = NO;
				ENABLE_STRICT_OBJC_MSGSEND = YES;
				GCC_C_LANGUAGE_STANDARD = gnu99;
				GCC_DYNAMIC_NO_PIC = NO;
				GCC_OPTIMIZATION_LEVEL = 0;
				GCC_PREPROCESSOR_DEFINITIONS = (
					"DEBUG=1",
					"$(inherited)",
				);
				GCC_SYMBOLS_PRIVATE_EXTERN = NO;
				GCC_WARN_64_TO_32_BIT_CONVERSION = YES;
				GCC_WARN_ABOUT_RETURN_TYPE = YES_ERROR;
				GCC_WARN_UNDECLARED_SELECTOR = YES;
				GCC_WARN_UNINITIALIZED_AUTOS = YES_AGGRESSIVE;
				GCC_WARN_UNUSED_FUNCTION = YES;
				GCC_WARN_UNUSED_VARIABLE = YES;
				IPHONEOS_DEPLOYMENT_TARGET = 8.1;
				MTL_ENABLE_DEBUG_INFO = YES;
				ONLY_ACTIVE_ARCH = YES;
				SDKROOT = iphoneos;
				TARGETED_DEVICE_FAMILY = "1,2";
			};
			name = Debug;
		};
		659B21F11A5E1C1400885C04 /* Release */ = {
			isa = XCBuildConfiguration;
			buildSettings = {
				ALWAYS_SEARCH_USER_PATHS = NO;
				CLANG_CXX_LANGUAGE_STANDARD = "gnu++0x";
				CLANG_CXX_LIBRARY = "libc++";
				CLANG_ENABLE_MODULES = YES;
				CLANG_ENABLE_OBJC_ARC = YES;
				CLANG_WARN_BOOL_CONVERSION = YES;
				CLANG_WARN_CONSTANT_CONVERSION = YES;
				CLANG_WARN_DIRECT_OBJC_ISA_USAGE = YES_ERROR;
				CLANG_WARN_EMPTY_BODY = YES;
				CLANG_WARN_ENUM_CONVERSION = YES;
				CLANG_WARN_INT_CONVERSION = YES;
				CLANG_WARN_OBJC_ROOT_CLASS = YES_ERROR;
				CLANG_WARN_UNREACHABLE_CODE = YES;
				CLANG_WARN__DUPLICATE_METHOD_MATCH = YES;
				"CODE_SIGN_IDENTITY[sdk=iphoneos*]" = "iPhone Developer";
				COPY_PHASE_STRIP = YES;
				ENABLE_NS_ASSERTIONS = NO;
				ENABLE_STRICT_OBJC_MSGSEND = YES;
				GCC_C_LANGUAGE_STANDARD = gnu99;
				GCC_WARN_64_TO_32_BIT_CONVERSION = YES;
				GCC_WARN_ABOUT_RETURN_TYPE = YES_ERROR;
				GCC_WARN_UNDECLARED_SELECTOR = YES;
				GCC_WARN_UNINITIALIZED_AUTOS = YES_AGGRESSIVE;
				GCC_WARN_UNUSED_FUNCTION = YES;
				GCC_WARN_UNUSED_VARIABLE = YES;
				IPHONEOS_DEPLOYMENT_TARGET = 8.1;
				MTL_ENABLE_DEBUG_INFO = NO;
				SDKROOT = iphoneos;
				TARGETED_DEVICE_FAMILY = "1,2";
				VALIDATE_PRODUCT = YES;
			};
			name = Release;
		};
		659B21F31A5E1C1400885C04 /* Debug */ = {
			isa = XCBuildConfiguration;
			buildSettings = {
				ASSETCATALOG_COMPILER_APPICON_NAME = AppIcon;
				INFOPLIST_FILE = machweo/Info.plist;
				LD_RUNPATH_SEARCH_PATHS = "$(inherited) @executable_path/Frameworks";
				PRODUCT_NAME = "$(TARGET_NAME)";
			};
			name = Debug;
		};
		659B21F41A5E1C1400885C04 /* Release */ = {
			isa = XCBuildConfiguration;
			buildSettings = {
				ASSETCATALOG_COMPILER_APPICON_NAME = AppIcon;
				INFOPLIST_FILE = machweo/Info.plist;
				LD_RUNPATH_SEARCH_PATHS = "$(inherited) @executable_path/Frameworks";
				PRODUCT_NAME = "$(TARGET_NAME)";
			};
			name = Release;
		};
		659B21F61A5E1C1400885C04 /* Debug */ = {
			isa = XCBuildConfiguration;
			buildSettings = {
				BUNDLE_LOADER = "$(TEST_HOST)";
				FRAMEWORK_SEARCH_PATHS = (
					"$(SDKROOT)/Developer/Library/Frameworks",
					"$(inherited)",
				);
				GCC_PREPROCESSOR_DEFINITIONS = (
					"DEBUG=1",
					"$(inherited)",
				);
				INFOPLIST_FILE = machweoTests/Info.plist;
				LD_RUNPATH_SEARCH_PATHS = "$(inherited) @executable_path/Frameworks @loader_path/Frameworks";
				PRODUCT_NAME = "$(TARGET_NAME)";
				TEST_HOST = "$(BUILT_PRODUCTS_DIR)/machweo.app/machweo";
			};
			name = Debug;
		};
		659B21F71A5E1C1400885C04 /* Release */ = {
			isa = XCBuildConfiguration;
			buildSettings = {
				BUNDLE_LOADER = "$(TEST_HOST)";
				FRAMEWORK_SEARCH_PATHS = (
					"$(SDKROOT)/Developer/Library/Frameworks",
					"$(inherited)",
				);
				INFOPLIST_FILE = machweoTests/Info.plist;
				LD_RUNPATH_SEARCH_PATHS = "$(inherited) @executable_path/Frameworks @loader_path/Frameworks";
				PRODUCT_NAME = "$(TARGET_NAME)";
				TEST_HOST = "$(BUILT_PRODUCTS_DIR)/machweo.app/machweo";
			};
			name = Release;
		};
/* End XCBuildConfiguration section */

/* Begin XCConfigurationList section */
		659B21C51A5E1C1300885C04 /* Build configuration list for PBXProject "machweo" */ = {
			isa = XCConfigurationList;
			buildConfigurations = (
				659B21F01A5E1C1400885C04 /* Debug */,
				659B21F11A5E1C1400885C04 /* Release */,
			);
			defaultConfigurationIsVisible = 0;
			defaultConfigurationName = Release;
		};
		659B21F21A5E1C1400885C04 /* Build configuration list for PBXNativeTarget "machweo" */ = {
			isa = XCConfigurationList;
			buildConfigurations = (
				659B21F31A5E1C1400885C04 /* Debug */,
				659B21F41A5E1C1400885C04 /* Release */,
			);
			defaultConfigurationIsVisible = 0;
		};
		659B21F51A5E1C1400885C04 /* Build configuration list for PBXNativeTarget "machweoTests" */ = {
			isa = XCConfigurationList;
			buildConfigurations = (
				659B21F61A5E1C1400885C04 /* Debug */,
				659B21F71A5E1C1400885C04 /* Release */,
			);
			defaultConfigurationIsVisible = 0;
		};
/* End XCConfigurationList section */
	};
	rootObject = 659B21C21A5E1C1300885C04 /* Project object */;
}
